Microsoft Visual Studio Solution File, Format Version 9.00
# Visual Studio 2005
Project("{8BC9CEB8-8B4A-11D0-8D11-00A0C91BC942}") = "SDLaudio", "lib\SDLAudio\SDLaudio.vcproj", "{D561738B-A564-495A-A61C-5E26A3D33E03}"
EndProject
Project("{8BC9CEB8-8B4A-11D0-8D11-00A0C91BC942}") = "aac_plugin", "player\src\codec\aa\aac_plugin.vcproj", "{609CB471-7CC3-42BC-B3C9-F7A381B1F583}"
	ProjectSection(ProjectDependencies) = postProject
		{5D96A449-CC81-42CE-AEF9-0422BE930AF4} = {5D96A449-CC81-42CE-AEF9-0422BE930AF4}
		{0CE7E9C6-140D-4656-9492-17488614608E} = {0CE7E9C6-140D-4656-9492-17488614608E}
		{8451587B-7AAF-4326-8AD1-4120EC10A169} = {8451587B-7AAF-4326-8AD1-4120EC10A169}
		{56EAC9DA-F67D-433B-AEBB-7C61CF2EF505} = {56EAC9DA-F67D-433B-AEBB-7C61CF2EF505}
		{749BAC8A-86DB-4E15-A4DA-8FD7AC6AA45E} = {749BAC8A-86DB-4E15-A4DA-8FD7AC6AA45E}
	EndProjectSection
EndProject
Project("{8BC9CEB8-8B4A-11D0-8D11-00A0C91BC942}") = "audio", "lib\audio\audio.vcproj", "{0454392A-C61B-4865-A0C6-B2072D902D8C}"
EndProject
Project("{8BC9CEB8-8B4A-11D0-8D11-00A0C91BC942}") = "celp_plugin", "player\plugin\audio\celp\celp_plugin.vcproj", "{3BFFEC03-FF78-43B0-8556-0522496486DA}"
	ProjectSection(ProjectDependencies) = postProject
		{8451587B-7AAF-4326-8AD1-4120EC10A169} = {8451587B-7AAF-4326-8AD1-4120EC10A169}
		{1497F812-CE42-4BF1-9595-3F6ADAAE0527} = {1497F812-CE42-4BF1-9595-3F6ADAAE0527}
		{749BAC8A-86DB-4E15-A4DA-8FD7AC6AA45E} = {749BAC8A-86DB-4E15-A4DA-8FD7AC6AA45E}
	EndProjectSection
EndProject
Project("{8BC9CEB8-8B4A-11D0-8D11-00A0C91BC942}") = "librtp_common", "lib\rtp\rtp_common.vcproj", "{9BBAA624-D9F0-4247-A936-7F6F0B2BF4F7}"
EndProject
Project("{8BC9CEB8-8B4A-11D0-8D11-00A0C91BC942}") = "href_plugin", "player\plugin\text\href\href_plugin.vcproj", "{E06C2211-ED6A-4F40-8C66-AE47D8E0A5B0}"
EndProject
Project("{8BC9CEB8-8B4A-11D0-8D11-00A0C91BC942}") = "isma_href_rtp_plugin", "player\plugin\rtp\isma_href\isma_href_rtp_plugin.vcproj", "{D21F013B-A383-4939-9109-3509B59F9020}"
EndProject
Project("{8BC9CEB8-8B4A-11D0-8D11-00A0C91BC942}") = "libavi", "lib\avi\libavi.vcproj", "{CFA0BF4C-2586-4DA5-8AED-3B6213B64E18}"
EndProject
Project("{8BC9CEB8-8B4A-11D0-8D11-00A0C91BC942}") = "libcelp", "player\lib\audio\celp\libcelp.vcproj", "{1497F812-CE42-4BF1-9595-3F6ADAAE0527}"
EndProject
Project("{8BC9CEB8-8B4A-11D0-8D11-00A0C91BC942}") = "libfaad", "player\lib\audio\faad\libfaad.vcproj", "{0CE7E9C6-140D-4656-9492-17488614608E}"
EndProject
Project("{8BC9CEB8-8B4A-11D0-8D11-00A0C91BC942}") = "libfileposrec", "lib\fposrec\libfileposrec.vcproj", "{5D96A449-CC81-42CE-AEF9-0422BE930AF4}"
EndProject
Project("{8BC9CEB8-8B4A-11D0-8D11-00A0C91BC942}") = "libhttp", "player\lib\libhttp\libhttp.vcproj", "{5CB9F9E0-F889-42D8-A905-33F33D47B34D}"
EndProject
Project("{8BC9CEB8-8B4A-11D0-8D11-00A0C91BC942}") = "libismacryp", "lib\ismacryp\libismacryp.vcproj", "{8C7494D1-C1E4-4120-9165-4DA65109BA6D}"
EndProject
Project("{8BC9CEB8-8B4A-11D0-8D11-00A0C91BC942}") = "libmissing", "lib\gnu\libmissing.vcproj", "{9EF07C35-1D27-424D-970E-0E89D97DD111}"
EndProject
Project("{8BC9CEB8-8B4A-11D0-8D11-00A0C91BC942}") = "libmp4", "lib\mp4\libmp4.vcproj", "{5A9E9CED-3106-4811-BB86-1A5C35DED27A}"
EndProject
Project("{8BC9CEB8-8B4A-11D0-8D11-00A0C91BC942}") = "libmp4av", "lib\mp4av\mp4av.vcproj", "{8451587B-7AAF-4326-8AD1-4120EC10A169}"
	ProjectSection(ProjectDependencies) = postProject
		{56EAC9DA-F67D-433B-AEBB-7C61CF2EF505} = {56EAC9DA-F67D-433B-AEBB-7C61CF2EF505}
	EndProjectSection
EndProject
Project("{8BC9CEB8-8B4A-11D0-8D11-00A0C91BC942}") = "libmp4util", "player\lib\mp4util\libmp4util.vcproj", "{749BAC8A-86DB-4E15-A4DA-8FD7AC6AA45E}"
EndProject
Project("{8BC9CEB8-8B4A-11D0-8D11-00A0C91BC942}") = "libmp4v2", "lib\mp4v2\libmp4v2.vcproj", "{56EAC9DA-F67D-433B-AEBB-7C61CF2EF505}"
	ProjectSection(ProjectDependencies) = postProject
		{9EF07C35-1D27-424D-970E-0E89D97DD111} = {9EF07C35-1D27-424D-970E-0E89D97DD111}
	EndProjectSection
EndProject
Project("{8BC9CEB8-8B4A-11D0-8D11-00A0C91BC942}") = "libmpplayer", "player\src\libmpplayer.vcproj", "{7083DF97-5D2F-43A5-9835-1CC69236EB24}"
	ProjectSection(ProjectDependencies) = postProject
		{9BBAA624-D9F0-4247-A936-7F6F0B2BF4F7} = {9BBAA624-D9F0-4247-A936-7F6F0B2BF4F7}
		{95AA97A2-C0E9-4456-83DC-E56E67E52C20} = {95AA97A2-C0E9-4456-83DC-E56E67E52C20}
		{8451587B-7AAF-4326-8AD1-4120EC10A169} = {8451587B-7AAF-4326-8AD1-4120EC10A169}
		{5CB9F9E0-F889-42D8-A905-33F33D47B34D} = {5CB9F9E0-F889-42D8-A905-33F33D47B34D}
		{B36C5FE3-32BD-4102-B8D9-C07CB4B1F885} = {B36C5FE3-32BD-4102-B8D9-C07CB4B1F885}
		{5D96A449-CC81-42CE-AEF9-0422BE930AF4} = {5D96A449-CC81-42CE-AEF9-0422BE930AF4}
		{0454392A-C61B-4865-A0C6-B2072D902D8C} = {0454392A-C61B-4865-A0C6-B2072D902D8C}
		{8C7494D1-C1E4-4120-9165-4DA65109BA6D} = {8C7494D1-C1E4-4120-9165-4DA65109BA6D}
		{749BAC8A-86DB-4E15-A4DA-8FD7AC6AA45E} = {749BAC8A-86DB-4E15-A4DA-8FD7AC6AA45E}
		{E565A77F-6A1E-4B49-ACF5-866C0C307759} = {E565A77F-6A1E-4B49-ACF5-866C0C307759}
		{E69870E9-FF81-45CF-A6E4-925727F19E67} = {E69870E9-FF81-45CF-A6E4-925727F19E67}
		{5A9E9CED-3106-4811-BB86-1A5C35DED27A} = {5A9E9CED-3106-4811-BB86-1A5C35DED27A}
		{A23021DD-C8BC-4F58-B404-A19C51B244D0} = {A23021DD-C8BC-4F58-B404-A19C51B244D0}
		{CFA0BF4C-2586-4DA5-8AED-3B6213B64E18} = {CFA0BF4C-2586-4DA5-8AED-3B6213B64E18}
		{9EF07C35-1D27-424D-970E-0E89D97DD111} = {9EF07C35-1D27-424D-970E-0E89D97DD111}
		{56EAC9DA-F67D-433B-AEBB-7C61CF2EF505} = {56EAC9DA-F67D-433B-AEBB-7C61CF2EF505}
		{D561738B-A564-495A-A61C-5E26A3D33E03} = {D561738B-A564-495A-A61C-5E26A3D33E03}
		{63338785-576A-4903-9F95-FE8C6AF515AF} = {63338785-576A-4903-9F95-FE8C6AF515AF}
	EndProjectSection
EndProject
Project("{8BC9CEB8-8B4A-11D0-8D11-00A0C91BC942}") = "libmsg_queue", "lib\msg_queue\libmsg_queue.vcproj", "{B36C5FE3-32BD-4102-B8D9-C07CB4B1F885}"
EndProject
Project("{8BC9CEB8-8B4A-11D0-8D11-00A0C91BC942}") = "lib-iso-mpeg4", "common\video\iso-mpeg4\libobj.vcproj", "{6DDAC9AD-8394-44D5-843A-89A8763DF369}"
EndProject
Project("{8BC9CEB8-8B4A-11D0-8D11-00A0C91BC942}") = "librtsp", "player\lib\rtsp\librtsp.vcproj", "{E69870E9-FF81-45CF-A6E4-925727F19E67}"
EndProject
Project("{8BC9CEB8-8B4A-11D0-8D11-00A0C91BC942}") = "libsdp", "lib\sdp\libsdp.vcproj", "{E565A77F-6A1E-4B49-ACF5-866C0C307759}"
EndProject
Project("{8BC9CEB8-8B4A-11D0-8D11-00A0C91BC942}") = "mp3_plugin", "player\src\codec\mp3\mp3_plugin.vcproj", "{4EBEFDB8-4145-4EAF-81D4-443FA8D7B292}"
	ProjectSection(ProjectDependencies) = postProject
		{8451587B-7AAF-4326-8AD1-4120EC10A169} = {8451587B-7AAF-4326-8AD1-4120EC10A169}
		{5D96A449-CC81-42CE-AEF9-0422BE930AF4} = {5D96A449-CC81-42CE-AEF9-0422BE930AF4}
	EndProjectSection
EndProject
Project("{8BC9CEB8-8B4A-11D0-8D11-00A0C91BC942}") = "mp4player", "player\src\mp4player.vcproj", "{92249233-B004-4B97-85AF-DFADC8AC4FF3}"
	ProjectSection(ProjectDependencies) = postProject
		{45A862C9-0391-4E0C-9C47-C4692EF3DD40} = {45A862C9-0391-4E0C-9C47-C4692EF3DD40}
		{D21F013B-A383-4939-9109-3509B59F9020} = {D21F013B-A383-4939-9109-3509B59F9020}
		{4EBEFDB8-4145-4EAF-81D4-443FA8D7B292} = {4EBEFDB8-4145-4EAF-81D4-443FA8D7B292}
		{3BFFEC03-FF78-43B0-8556-0522496486DA} = {3BFFEC03-FF78-43B0-8556-0522496486DA}
		{609CB471-7CC3-42BC-B3C9-F7A381B1F583} = {609CB471-7CC3-42BC-B3C9-F7A381B1F583}
		{D561738B-A564-495A-A61C-5E26A3D33E03} = {D561738B-A564-495A-A61C-5E26A3D33E03}
		{A23021DD-C8BC-4F58-B404-A19C51B244D0} = {A23021DD-C8BC-4F58-B404-A19C51B244D0}
		{B36C5FE3-32BD-4102-B8D9-C07CB4B1F885} = {B36C5FE3-32BD-4102-B8D9-C07CB4B1F885}
		{7083DF97-5D2F-43A5-9835-1CC69236EB24} = {7083DF97-5D2F-43A5-9835-1CC69236EB24}
	EndProjectSection
EndProject
Project("{8BC9CEB8-8B4A-11D0-8D11-00A0C91BC942}") = "mpeg4_iso_plugin", "player\src\codec\mpeg4\mpeg4_iso_plugin.vcproj", "{45A862C9-0391-4E0C-9C47-C4692EF3DD40}"
	ProjectSection(ProjectDependencies) = postProject
		{5D96A449-CC81-42CE-AEF9-0422BE930AF4} = {5D96A449-CC81-42CE-AEF9-0422BE930AF4}
		{8451587B-7AAF-4326-8AD1-4120EC10A169} = {8451587B-7AAF-4326-8AD1-4120EC10A169}
		{6DDAC9AD-8394-44D5-843A-89A8763DF369} = {6DDAC9AD-8394-44D5-843A-89A8763DF369}
	EndProjectSection
EndProject
Project("{8BC9CEB8-8B4A-11D0-8D11-00A0C91BC942}") = "utils", "lib\utils\utils.vcproj", "{A23021DD-C8BC-4F58-B404-A19C51B244D0}"
EndProject
Project("{8BC9CEB8-8B4A-11D0-8D11-00A0C91BC942}") = "wmp4client60", "player\src\win_client\wmp4client.vcproj", "{784E4863-5B06-4CB4-9E04-7D95E1DB512A}"
	ProjectSection(ProjectDependencies) = postProject
		{D21F013B-A383-4939-9109-3509B59F9020} = {D21F013B-A383-4939-9109-3509B59F9020}
		{E06C2211-ED6A-4F40-8C66-AE47D8E0A5B0} = {E06C2211-ED6A-4F40-8C66-AE47D8E0A5B0}
		{7083DF97-5D2F-43A5-9835-1CC69236EB24} = {7083DF97-5D2F-43A5-9835-1CC69236EB24}
		{4EBEFDB8-4145-4EAF-81D4-443FA8D7B292} = {4EBEFDB8-4145-4EAF-81D4-443FA8D7B292}
		{B36C5FE3-32BD-4102-B8D9-C07CB4B1F885} = {B36C5FE3-32BD-4102-B8D9-C07CB4B1F885}
		{3BFFEC03-FF78-43B0-8556-0522496486DA} = {3BFFEC03-FF78-43B0-8556-0522496486DA}
		{609CB471-7CC3-42BC-B3C9-F7A381B1F583} = {609CB471-7CC3-42BC-B3C9-F7A381B1F583}
		{D561738B-A564-495A-A61C-5E26A3D33E03} = {D561738B-A564-495A-A61C-5E26A3D33E03}
		{A23021DD-C8BC-4F58-B404-A19C51B244D0} = {A23021DD-C8BC-4F58-B404-A19C51B244D0}
	EndProjectSection
EndProject
Project("{8BC9CEB8-8B4A-11D0-8D11-00A0C91BC942}") = "wmp4player60", "player\src\wmp4player.vcproj", "{BA780CAD-4DE4-471D-A4DE-F564868FB726}"
	ProjectSection(ProjectDependencies) = postProject
		{784E4863-5B06-4CB4-9E04-7D95E1DB512A} = {784E4863-5B06-4CB4-9E04-7D95E1DB512A}
		{4EBEFDB8-4145-4EAF-81D4-443FA8D7B292} = {4EBEFDB8-4145-4EAF-81D4-443FA8D7B292}
		{609CB471-7CC3-42BC-B3C9-F7A381B1F583} = {609CB471-7CC3-42BC-B3C9-F7A381B1F583}
	EndProjectSection
EndProject
Project("{8BC9CEB8-8B4A-11D0-8D11-00A0C91BC942}") = "libmp3util60", "player\lib\audio\mp3util\libmp3util.vcproj", "{95AA97A2-C0E9-4456-83DC-E56E67E52C20}"
EndProject
Project("{8BC9CEB8-8B4A-11D0-8D11-00A0C91BC942}") = "liblibstrp", "lib\srtp\liblibstrp.vcproj", "{63338785-576A-4903-9F95-FE8C6AF515AF}"
EndProject
Global
	GlobalSection(SolutionConfigurationPlatforms) = preSolution
		Debug|Win32 = Debug|Win32
		Release|Win32 = Release|Win32
	EndGlobalSection
	GlobalSection(ProjectConfigurationPlatforms) = postSolution
		{D561738B-A564-495A-A61C-5E26A3D33E03}.Debug|Win32.ActiveCfg = Debug|Win32
		{D561738B-A564-495A-A61C-5E26A3D33E03}.Debug|Win32.Build.0 = Debug|Win32
		{D561738B-A564-495A-A61C-5E26A3D33E03}.Release|Win32.ActiveCfg = Release|Win32
		{D561738B-A564-495A-A61C-5E26A3D33E03}.Release|Win32.Build.0 = Release|Win32
		{609CB471-7CC3-42BC-B3C9-F7A381B1F583}.Debug|Win32.ActiveCfg = Debug|Win32
		{609CB471-7CC3-42BC-B3C9-F7A381B1F583}.Debug|Win32.Build.0 = Debug|Win32
		{609CB471-7CC3-42BC-B3C9-F7A381B1F583}.Release|Win32.ActiveCfg = Release|Win32
		{609CB471-7CC3-42BC-B3C9-F7A381B1F583}.Release|Win32.Build.0 = Release|Win32
		{0454392A-C61B-4865-A0C6-B2072D902D8C}.Debug|Win32.ActiveCfg = Debug|Win32
		{0454392A-C61B-4865-A0C6-B2072D902D8C}.Debug|Win32.Build.0 = Debug|Win32
		{0454392A-C61B-4865-A0C6-B2072D902D8C}.Release|Win32.ActiveCfg = Release|Win32
		{0454392A-C61B-4865-A0C6-B2072D902D8C}.Release|Win32.Build.0 = Release|Win32
		{3BFFEC03-FF78-43B0-8556-0522496486DA}.Debug|Win32.ActiveCfg = Debug|Win32
		{3BFFEC03-FF78-43B0-8556-0522496486DA}.Debug|Win32.Build.0 = Debug|Win32
		{3BFFEC03-FF78-43B0-8556-0522496486DA}.Release|Win32.ActiveCfg = Release|Win32
		{3BFFEC03-FF78-43B0-8556-0522496486DA}.Release|Win32.Build.0 = Release|Win32
		{9BBAA624-D9F0-4247-A936-7F6F0B2BF4F7}.Debug|Win32.ActiveCfg = Debug|Win32
		{9BBAA624-D9F0-4247-A936-7F6F0B2BF4F7}.Debug|Win32.Build.0 = Debug|Win32
		{9BBAA624-D9F0-4247-A936-7F6F0B2BF4F7}.Release|Win32.ActiveCfg = Release|Win32
		{9BBAA624-D9F0-4247-A936-7F6F0B2BF4F7}.Release|Win32.Build.0 = Release|Win32
		{E06C2211-ED6A-4F40-8C66-AE47D8E0A5B0}.Debug|Win32.ActiveCfg = Debug|Win32
		{E06C2211-ED6A-4F40-8C66-AE47D8E0A5B0}.Debug|Win32.Build.0 = Debug|Win32
		{E06C2211-ED6A-4F40-8C66-AE47D8E0A5B0}.Release|Win32.ActiveCfg = Release|Win32
		{E06C2211-ED6A-4F40-8C66-AE47D8E0A5B0}.Release|Win32.Build.0 = Release|Win32
		{D21F013B-A383-4939-9109-3509B59F9020}.Debug|Win32.ActiveCfg = Debug|Win32
		{D21F013B-A383-4939-9109-3509B59F9020}.Debug|Win32.Build.0 = Debug|Win32
		{D21F013B-A383-4939-9109-3509B59F9020}.Release|Win32.ActiveCfg = Release|Win32
		{D21F013B-A383-4939-9109-3509B59F9020}.Release|Win32.Build.0 = Release|Win32
		{CFA0BF4C-2586-4DA5-8AED-3B6213B64E18}.Debug|Win32.ActiveCfg = Debug|Win32
		{CFA0BF4C-2586-4DA5-8AED-3B6213B64E18}.Debug|Win32.Build.0 = Debug|Win32
		{CFA0BF4C-2586-4DA5-8AED-3B6213B64E18}.Release|Win32.ActiveCfg = Release|Win32
		{CFA0BF4C-2586-4DA5-8AED-3B6213B64E18}.Release|Win32.Build.0 = Release|Win32
		{1497F812-CE42-4BF1-9595-3F6ADAAE0527}.Debug|Win32.ActiveCfg = Debug|Win32
		{1497F812-CE42-4BF1-9595-3F6ADAAE0527}.Debug|Win32.Build.0 = Debug|Win32
		{1497F812-CE42-4BF1-9595-3F6ADAAE0527}.Release|Win32.ActiveCfg = Release|Win32
		{1497F812-CE42-4BF1-9595-3F6ADAAE0527}.Release|Win32.Build.0 = Release|Win32
		{0CE7E9C6-140D-4656-9492-17488614608E}.Debug|Win32.ActiveCfg = Debug|Win32
		{0CE7E9C6-140D-4656-9492-17488614608E}.Debug|Win32.Build.0 = Debug|Win32
		{0CE7E9C6-140D-4656-9492-17488614608E}.Release|Win32.ActiveCfg = Release|Win32
		{0CE7E9C6-140D-4656-9492-17488614608E}.Release|Win32.Build.0 = Release|Win32
		{5D96A449-CC81-42CE-AEF9-0422BE930AF4}.Debug|Win32.ActiveCfg = Debug|Win32
		{5D96A449-CC81-42CE-AEF9-0422BE930AF4}.Debug|Win32.Build.0 = Debug|Win32
		{5D96A449-CC81-42CE-AEF9-0422BE930AF4}.Release|Win32.ActiveCfg = Release|Win32
		{5D96A449-CC81-42CE-AEF9-0422BE930AF4}.Release|Win32.Build.0 = Release|Win32
		{5CB9F9E0-F889-42D8-A905-33F33D47B34D}.Debug|Win32.ActiveCfg = Debug|Win32
		{5CB9F9E0-F889-42D8-A905-33F33D47B34D}.Debug|Win32.Build.0 = Debug|Win32
		{5CB9F9E0-F889-42D8-A905-33F33D47B34D}.Release|Win32.ActiveCfg = Release|Win32
		{5CB9F9E0-F889-42D8-A905-33F33D47B34D}.Release|Win32.Build.0 = Release|Win32
		{8C7494D1-C1E4-4120-9165-4DA65109BA6D}.Debug|Win32.ActiveCfg = Debug|Win32
		{8C7494D1-C1E4-4120-9165-4DA65109BA6D}.Debug|Win32.Build.0 = Debug|Win32
		{8C7494D1-C1E4-4120-9165-4DA65109BA6D}.Release|Win32.ActiveCfg = Release|Win32
		{8C7494D1-C1E4-4120-9165-4DA65109BA6D}.Release|Win32.Build.0 = Release|Win32
		{9EF07C35-1D27-424D-970E-0E89D97DD111}.Debug|Win32.ActiveCfg = Debug|Win32
		{9EF07C35-1D27-424D-970E-0E89D97DD111}.Debug|Win32.Build.0 = Debug|Win32
		{9EF07C35-1D27-424D-970E-0E89D97DD111}.Release|Win32.ActiveCfg = Release|Win32
		{9EF07C35-1D27-424D-970E-0E89D97DD111}.Release|Win32.Build.0 = Release|Win32
		{5A9E9CED-3106-4811-BB86-1A5C35DED27A}.Debug|Win32.ActiveCfg = Debug|Win32
		{5A9E9CED-3106-4811-BB86-1A5C35DED27A}.Debug|Win32.Build.0 = Debug|Win32
		{5A9E9CED-3106-4811-BB86-1A5C35DED27A}.Release|Win32.ActiveCfg = Release|Win32
		{5A9E9CED-3106-4811-BB86-1A5C35DED27A}.Release|Win32.Build.0 = Release|Win32
		{8451587B-7AAF-4326-8AD1-4120EC10A169}.Debug|Win32.ActiveCfg = Debug|Win32
		{8451587B-7AAF-4326-8AD1-4120EC10A169}.Debug|Win32.Build.0 = Debug|Win32
		{8451587B-7AAF-4326-8AD1-4120EC10A169}.Release|Win32.ActiveCfg = Release|Win32
		{8451587B-7AAF-4326-8AD1-4120EC10A169}.Release|Win32.Build.0 = Release|Win32
		{749BAC8A-86DB-4E15-A4DA-8FD7AC6AA45E}.Debug|Win32.ActiveCfg = Debug|Win32
		{749BAC8A-86DB-4E15-A4DA-8FD7AC6AA45E}.Debug|Win32.Build.0 = Debug|Win32
		{749BAC8A-86DB-4E15-A4DA-8FD7AC6AA45E}.Release|Win32.ActiveCfg = Release|Win32
		{749BAC8A-86DB-4E15-A4DA-8FD7AC6AA45E}.Release|Win32.Build.0 = Release|Win32
		{56EAC9DA-F67D-433B-AEBB-7C61CF2EF505}.Debug|Win32.ActiveCfg = Debug|Win32
		{56EAC9DA-F67D-433B-AEBB-7C61CF2EF505}.Debug|Win32.Build.0 = Debug|Win32
		{56EAC9DA-F67D-433B-AEBB-7C61CF2EF505}.Release|Win32.ActiveCfg = Release|Win32
		{56EAC9DA-F67D-433B-AEBB-7C61CF2EF505}.Release|Win32.Build.0 = Release|Win32
		{7083DF97-5D2F-43A5-9835-1CC69236EB24}.Debug|Win32.ActiveCfg = Debug|Win32
		{7083DF97-5D2F-43A5-9835-1CC69236EB24}.Debug|Win32.Build.0 = Debug|Win32
		{7083DF97-5D2F-43A5-9835-1CC69236EB24}.Release|Win32.ActiveCfg = Release|Win32
		{7083DF97-5D2F-43A5-9835-1CC69236EB24}.Release|Win32.Build.0 = Release|Win32
		{B36C5FE3-32BD-4102-B8D9-C07CB4B1F885}.Debug|Win32.ActiveCfg = Debug|Win32
		{B36C5FE3-32BD-4102-B8D9-C07CB4B1F885}.Debug|Win32.Build.0 = Debug|Win32
		{B36C5FE3-32BD-4102-B8D9-C07CB4B1F885}.Release|Win32.ActiveCfg = Release|Win32
		{B36C5FE3-32BD-4102-B8D9-C07CB4B1F885}.Release|Win32.Build.0 = Release|Win32
		{6DDAC9AD-8394-44D5-843A-89A8763DF369}.Debug|Win32.ActiveCfg = Debug|Win32
		{6DDAC9AD-8394-44D5-843A-89A8763DF369}.Debug|Win32.Build.0 = Debug|Win32
		{6DDAC9AD-8394-44D5-843A-89A8763DF369}.Release|Win32.ActiveCfg = Release|Win32
		{6DDAC9AD-8394-44D5-843A-89A8763DF369}.Release|Win32.Build.0 = Release|Win32
		{E69870E9-FF81-45CF-A6E4-925727F19E67}.Debug|Win32.ActiveCfg = Debug|Win32
		{E69870E9-FF81-45CF-A6E4-925727F19E67}.Debug|Win32.Build.0 = Debug|Win32
		{E69870E9-FF81-45CF-A6E4-925727F19E67}.Release|Win32.ActiveCfg = Release|Win32
		{E69870E9-FF81-45CF-A6E4-925727F19E67}.Release|Win32.Build.0 = Release|Win32
		{E565A77F-6A1E-4B49-ACF5-866C0C307759}.Debug|Win32.ActiveCfg = Debug|Win32
		{E565A77F-6A1E-4B49-ACF5-866C0C307759}.Debug|Win32.Build.0 = Debug|Win32
		{E565A77F-6A1E-4B49-ACF5-866C0C307759}.Release|Win32.ActiveCfg = Release|Win32
		{E565A77F-6A1E-4B49-ACF5-866C0C307759}.Release|Win32.Build.0 = Release|Win32
		{4EBEFDB8-4145-4EAF-81D4-443FA8D7B292}.Debug|Win32.ActiveCfg = Debug|Win32
		{4EBEFDB8-4145-4EAF-81D4-443FA8D7B292}.Debug|Win32.Build.0 = Debug|Win32
		{4EBEFDB8-4145-4EAF-81D4-443FA8D7B292}.Release|Win32.ActiveCfg = Release|Win32
		{4EBEFDB8-4145-4EAF-81D4-443FA8D7B292}.Release|Win32.Build.0 = Release|Win32
		{92249233-B004-4B97-85AF-DFADC8AC4FF3}.Debug|Win32.ActiveCfg = Debug|Win32
		{92249233-B004-4B97-85AF-DFADC8AC4FF3}.Debug|Win32.Build.0 = Debug|Win32
		{92249233-B004-4B97-85AF-DFADC8AC4FF3}.Release|Win32.ActiveCfg = Release|Win32
		{92249233-B004-4B97-85AF-DFADC8AC4FF3}.Release|Win32.Build.0 = Release|Win32
		{45A862C9-0391-4E0C-9C47-C4692EF3DD40}.Debug|Win32.ActiveCfg = Debug|Win32
		{45A862C9-0391-4E0C-9C47-C4692EF3DD40}.Debug|Win32.Build.0 = Debug|Win32
		{45A862C9-0391-4E0C-9C47-C4692EF3DD40}.Release|Win32.ActiveCfg = Release|Win32
		{45A862C9-0391-4E0C-9C47-C4692EF3DD40}.Release|Win32.Build.0 = Release|Win32
		{A23021DD-C8BC-4F58-B404-A19C51B244D0}.Debug|Win32.ActiveCfg = Debug|Win32
		{A23021DD-C8BC-4F58-B404-A19C51B244D0}.Debug|Win32.Build.0 = Debug|Win32
		{A23021DD-C8BC-4F58-B404-A19C51B244D0}.Release|Win32.ActiveCfg = Release|Win32
		{A23021DD-C8BC-4F58-B404-A19C51B244D0}.Release|Win32.Build.0 = Release|Win32
		{784E4863-5B06-4CB4-9E04-7D95E1DB512A}.Debug|Win32.ActiveCfg = Debug|Win32
		{784E4863-5B06-4CB4-9E04-7D95E1DB512A}.Debug|Win32.Build.0 = Debug|Win32
		{784E4863-5B06-4CB4-9E04-7D95E1DB512A}.Release|Win32.ActiveCfg = Release|Win32
		{784E4863-5B06-4CB4-9E04-7D95E1DB512A}.Release|Win32.Build.0 = Release|Win32
		{BA780CAD-4DE4-471D-A4DE-F564868FB726}.Debug|Win32.ActiveCfg = Debug|Win32
		{BA780CAD-4DE4-471D-A4DE-F564868FB726}.Debug|Win32.Build.0 = Debug|Win32
		{BA780CAD-4DE4-471D-A4DE-F564868FB726}.Release|Win32.ActiveCfg = Release|Win32
		{BA780CAD-4DE4-471D-A4DE-F564868FB726}.Release|Win32.Build.0 = Release|Win32
		{95AA97A2-C0E9-4456-83DC-E56E67E52C20}.Debug|Win32.ActiveCfg = Debug|Win32
		{95AA97A2-C0E9-4456-83DC-E56E67E52C20}.Debug|Win32.Build.0 = Debug|Win32
		{95AA97A2-C0E9-4456-83DC-E56E67E52C20}.Release|Win32.ActiveCfg = Release|Win32
		{95AA97A2-C0E9-4456-83DC-E56E67E52C20}.Release|Win32.Build.0 = Release|Win32
		{63338785-576A-4903-9F95-FE8C6AF515AF}.Debug|Win32.ActiveCfg = Debug|Win32
		{63338785-576A-4903-9F95-FE8C6AF515AF}.Debug|Win32.Build.0 = Debug|Win32
		{63338785-576A-4903-9F95-FE8C6AF515AF}.Release|Win32.ActiveCfg = Release|Win32
		{63338785-576A-4903-9F95-FE8C6AF515AF}.Release|Win32.Build.0 = Release|Win32
	EndGlobalSection
	GlobalSection(SolutionProperties) = preSolution
		HideSolutionNode = FALSE
	EndGlobalSection
EndGlobal
