Microsoft Visual Studio Solution File, Format Version 9.00
# Visual Studio 2005
Project("{8BC9CEB8-8B4A-11D0-8D11-00A0C91BC942}") = "libmp4v2", "lib\mp4v2\libmp4v2.vcproj", "{56EAC9DA-F67D-433B-AEBB-7C61CF2EF505}"
EndProject
Project("{8BC9CEB8-8B4A-11D0-8D11-00A0C91BC942}") = "mp4info", "lib\mp4v2\util\mp4info.vcproj", "{22B77017-61F0-4D4A-A8F4-BE726F2E917C}"
	ProjectSection(ProjectDependencies) = postProject
		{56EAC9DA-F67D-433B-AEBB-7C61CF2EF505} = {56EAC9DA-F67D-433B-AEBB-7C61CF2EF505}
		{9EF07C35-1D27-424D-970E-0E89D97DD111} = {9EF07C35-1D27-424D-970E-0E89D97DD111}
	EndProjectSection
EndProject
Project("{8BC9CEB8-8B4A-11D0-8D11-00A0C91BC942}") = "libmissing", "lib\gnu\libmissing.vcproj", "{9EF07C35-1D27-424D-970E-0E89D97DD111}"
EndProject
Project("{8BC9CEB8-8B4A-11D0-8D11-00A0C91BC942}") = "mp4dump", "lib\mp4v2\util\mp4dump.vcproj", "{43E57519-6181-4003-932E-97AEE45860BD}"
	ProjectSection(ProjectDependencies) = postProject
		{56EAC9DA-F67D-433B-AEBB-7C61CF2EF505} = {56EAC9DA-F67D-433B-AEBB-7C61CF2EF505}
		{9EF07C35-1D27-424D-970E-0E89D97DD111} = {9EF07C35-1D27-424D-970E-0E89D97DD111}
	EndProjectSection
EndProject
Project("{8BC9CEB8-8B4A-11D0-8D11-00A0C91BC942}") = "mp4tags", "lib\mp4v2\util\mp4tags.vcproj", "{45F9CC41-778E-4236-8BED-764AC484FF02}"
	ProjectSection(ProjectDependencies) = postProject
		{56EAC9DA-F67D-433B-AEBB-7C61CF2EF505} = {56EAC9DA-F67D-433B-AEBB-7C61CF2EF505}
		{9EF07C35-1D27-424D-970E-0E89D97DD111} = {9EF07C35-1D27-424D-970E-0E89D97DD111}
	EndProjectSection
EndProject
Project("{8BC9CEB8-8B4A-11D0-8D11-00A0C91BC942}") = "libmp4av", "lib\mp4av\mp4av.vcproj", "{8451587B-7AAF-4326-8AD1-4120EC10A169}"
EndProject
Project("{8BC9CEB8-8B4A-11D0-8D11-00A0C91BC942}") = "libmpeg2ps", "lib\mpeg2ps\libmpeg2ps.vcproj", "{A3D1373B-67E1-4A3F-B69A-27F8CAB5659E}"
EndProject
Project("{8BC9CEB8-8B4A-11D0-8D11-00A0C91BC942}") = "mpeg_ps_info", "lib\mpeg2ps\mpeg_ps_info.vcproj", "{FC7AEC66-59C4-4449-A3FD-0E1E83A3E7A9}"
	ProjectSection(ProjectDependencies) = postProject
		{56EAC9DA-F67D-433B-AEBB-7C61CF2EF505} = {56EAC9DA-F67D-433B-AEBB-7C61CF2EF505}
		{8451587B-7AAF-4326-8AD1-4120EC10A169} = {8451587B-7AAF-4326-8AD1-4120EC10A169}
		{A3D1373B-67E1-4A3F-B69A-27F8CAB5659E} = {A3D1373B-67E1-4A3F-B69A-27F8CAB5659E}
		{9EF07C35-1D27-424D-970E-0E89D97DD111} = {9EF07C35-1D27-424D-970E-0E89D97DD111}
	EndProjectSection
EndProject
Project("{8BC9CEB8-8B4A-11D0-8D11-00A0C91BC942}") = "mp4creator", "server\mp4creator\mp4creator.vcproj", "{185B4BAB-D94E-468A-A166-7F7ADD0C63CB}"
	ProjectSection(ProjectDependencies) = postProject
		{56EAC9DA-F67D-433B-AEBB-7C61CF2EF505} = {56EAC9DA-F67D-433B-AEBB-7C61CF2EF505}
		{8C7494D1-C1E4-4120-9165-4DA65109BA6D} = {8C7494D1-C1E4-4120-9165-4DA65109BA6D}
		{8451587B-7AAF-4326-8AD1-4120EC10A169} = {8451587B-7AAF-4326-8AD1-4120EC10A169}
		{CFA0BF4C-2586-4DA5-8AED-3B6213B64E18} = {CFA0BF4C-2586-4DA5-8AED-3B6213B64E18}
		{A3D1373B-67E1-4A3F-B69A-27F8CAB5659E} = {A3D1373B-67E1-4A3F-B69A-27F8CAB5659E}
		{9EF07C35-1D27-424D-970E-0E89D97DD111} = {9EF07C35-1D27-424D-970E-0E89D97DD111}
	EndProjectSection
EndProject
Project("{8BC9CEB8-8B4A-11D0-8D11-00A0C91BC942}") = "libavi", "lib\avi\libavi.vcproj", "{CFA0BF4C-2586-4DA5-8AED-3B6213B64E18}"
EndProject
Project("{8BC9CEB8-8B4A-11D0-8D11-00A0C91BC942}") = "libismacryp", "lib\ismacryp\libismacryp.vcproj", "{8C7494D1-C1E4-4120-9165-4DA65109BA6D}"
EndProject
Project("{8BC9CEB8-8B4A-11D0-8D11-00A0C91BC942}") = "avidump", "server\util\avidump\avidump.vcproj", "{3C14DFE0-C91A-42A5-9831-F1B565A046FF}"
	ProjectSection(ProjectDependencies) = postProject
		{CFA0BF4C-2586-4DA5-8AED-3B6213B64E18} = {CFA0BF4C-2586-4DA5-8AED-3B6213B64E18}
		{9EF07C35-1D27-424D-970E-0E89D97DD111} = {9EF07C35-1D27-424D-970E-0E89D97DD111}
	EndProjectSection
EndProject
Project("{8BC9CEB8-8B4A-11D0-8D11-00A0C91BC942}") = "h264_parse", "util\h264\h264_parse.vcproj", "{9F00C2A9-CBFC-4ACA-AC94-E6684D591ABA}"
	ProjectSection(ProjectDependencies) = postProject
		{8451587B-7AAF-4326-8AD1-4120EC10A169} = {8451587B-7AAF-4326-8AD1-4120EC10A169}
		{9EF07C35-1D27-424D-970E-0E89D97DD111} = {9EF07C35-1D27-424D-970E-0E89D97DD111}
	EndProjectSection
EndProject
Project("{8BC9CEB8-8B4A-11D0-8D11-00A0C91BC942}") = "yuvdump", "util\yuv\yuvdump.vcproj", "{27DCF3CF-1880-4042-B5FF-B60C5CDCEBE0}"
EndProject
Project("{8BC9CEB8-8B4A-11D0-8D11-00A0C91BC942}") = "isoencoder", "common\video\iso-mpeg4\isoencoder.vcproj", "{5F917117-279A-4DE7-84DA-500971046FCA}"
	ProjectSection(ProjectDependencies) = postProject
		{6DDAC9AD-8394-44D5-843A-89A8763DF369} = {6DDAC9AD-8394-44D5-843A-89A8763DF369}
	EndProjectSection
EndProject
Project("{8BC9CEB8-8B4A-11D0-8D11-00A0C91BC942}") = "lib-iso-mpeg4", "common\video\iso-mpeg4\libobj.vcproj", "{6DDAC9AD-8394-44D5-843A-89A8763DF369}"
EndProject
Global
	GlobalSection(SolutionConfigurationPlatforms) = preSolution
		Debug|Win32 = Debug|Win32
		Release|Win32 = Release|Win32
	EndGlobalSection
	GlobalSection(ProjectConfigurationPlatforms) = postSolution
		{56EAC9DA-F67D-433B-AEBB-7C61CF2EF505}.Debug|Win32.ActiveCfg = Debug|Win32
		{56EAC9DA-F67D-433B-AEBB-7C61CF2EF505}.Debug|Win32.Build.0 = Debug|Win32
		{56EAC9DA-F67D-433B-AEBB-7C61CF2EF505}.Release|Win32.ActiveCfg = Release|Win32
		{56EAC9DA-F67D-433B-AEBB-7C61CF2EF505}.Release|Win32.Build.0 = Release|Win32
		{22B77017-61F0-4D4A-A8F4-BE726F2E917C}.Debug|Win32.ActiveCfg = Debug|Win32
		{22B77017-61F0-4D4A-A8F4-BE726F2E917C}.Debug|Win32.Build.0 = Debug|Win32
		{22B77017-61F0-4D4A-A8F4-BE726F2E917C}.Release|Win32.ActiveCfg = Release|Win32
		{22B77017-61F0-4D4A-A8F4-BE726F2E917C}.Release|Win32.Build.0 = Release|Win32
		{9EF07C35-1D27-424D-970E-0E89D97DD111}.Debug|Win32.ActiveCfg = Debug|Win32
		{9EF07C35-1D27-424D-970E-0E89D97DD111}.Debug|Win32.Build.0 = Debug|Win32
		{9EF07C35-1D27-424D-970E-0E89D97DD111}.Release|Win32.ActiveCfg = Release|Win32
		{9EF07C35-1D27-424D-970E-0E89D97DD111}.Release|Win32.Build.0 = Release|Win32
		{43E57519-6181-4003-932E-97AEE45860BD}.Debug|Win32.ActiveCfg = Debug|Win32
		{43E57519-6181-4003-932E-97AEE45860BD}.Debug|Win32.Build.0 = Debug|Win32
		{43E57519-6181-4003-932E-97AEE45860BD}.Release|Win32.ActiveCfg = Release|Win32
		{43E57519-6181-4003-932E-97AEE45860BD}.Release|Win32.Build.0 = Release|Win32
		{45F9CC41-778E-4236-8BED-764AC484FF02}.Debug|Win32.ActiveCfg = Debug|Win32
		{45F9CC41-778E-4236-8BED-764AC484FF02}.Debug|Win32.Build.0 = Debug|Win32
		{45F9CC41-778E-4236-8BED-764AC484FF02}.Release|Win32.ActiveCfg = Release|Win32
		{45F9CC41-778E-4236-8BED-764AC484FF02}.Release|Win32.Build.0 = Release|Win32
		{8451587B-7AAF-4326-8AD1-4120EC10A169}.Debug|Win32.ActiveCfg = Debug|Win32
		{8451587B-7AAF-4326-8AD1-4120EC10A169}.Debug|Win32.Build.0 = Debug|Win32
		{8451587B-7AAF-4326-8AD1-4120EC10A169}.Release|Win32.ActiveCfg = Release|Win32
		{8451587B-7AAF-4326-8AD1-4120EC10A169}.Release|Win32.Build.0 = Release|Win32
		{A3D1373B-67E1-4A3F-B69A-27F8CAB5659E}.Debug|Win32.ActiveCfg = Debug|Win32
		{A3D1373B-67E1-4A3F-B69A-27F8CAB5659E}.Debug|Win32.Build.0 = Debug|Win32
		{A3D1373B-67E1-4A3F-B69A-27F8CAB5659E}.Release|Win32.ActiveCfg = Release|Win32
		{A3D1373B-67E1-4A3F-B69A-27F8CAB5659E}.Release|Win32.Build.0 = Release|Win32
		{FC7AEC66-59C4-4449-A3FD-0E1E83A3E7A9}.Debug|Win32.ActiveCfg = Debug|Win32
		{FC7AEC66-59C4-4449-A3FD-0E1E83A3E7A9}.Debug|Win32.Build.0 = Debug|Win32
		{FC7AEC66-59C4-4449-A3FD-0E1E83A3E7A9}.Release|Win32.ActiveCfg = Release|Win32
		{FC7AEC66-59C4-4449-A3FD-0E1E83A3E7A9}.Release|Win32.Build.0 = Release|Win32
		{185B4BAB-D94E-468A-A166-7F7ADD0C63CB}.Debug|Win32.ActiveCfg = Debug|Win32
		{185B4BAB-D94E-468A-A166-7F7ADD0C63CB}.Debug|Win32.Build.0 = Debug|Win32
		{185B4BAB-D94E-468A-A166-7F7ADD0C63CB}.Release|Win32.ActiveCfg = Release|Win32
		{185B4BAB-D94E-468A-A166-7F7ADD0C63CB}.Release|Win32.Build.0 = Release|Win32
		{CFA0BF4C-2586-4DA5-8AED-3B6213B64E18}.Debug|Win32.ActiveCfg = Debug|Win32
		{CFA0BF4C-2586-4DA5-8AED-3B6213B64E18}.Debug|Win32.Build.0 = Debug|Win32
		{CFA0BF4C-2586-4DA5-8AED-3B6213B64E18}.Release|Win32.ActiveCfg = Release|Win32
		{CFA0BF4C-2586-4DA5-8AED-3B6213B64E18}.Release|Win32.Build.0 = Release|Win32
		{8C7494D1-C1E4-4120-9165-4DA65109BA6D}.Debug|Win32.ActiveCfg = Debug|Win32
		{8C7494D1-C1E4-4120-9165-4DA65109BA6D}.Debug|Win32.Build.0 = Debug|Win32
		{8C7494D1-C1E4-4120-9165-4DA65109BA6D}.Release|Win32.ActiveCfg = Release|Win32
		{8C7494D1-C1E4-4120-9165-4DA65109BA6D}.Release|Win32.Build.0 = Release|Win32
		{3C14DFE0-C91A-42A5-9831-F1B565A046FF}.Debug|Win32.ActiveCfg = Debug|Win32
		{3C14DFE0-C91A-42A5-9831-F1B565A046FF}.Debug|Win32.Build.0 = Debug|Win32
		{3C14DFE0-C91A-42A5-9831-F1B565A046FF}.Release|Win32.ActiveCfg = Release|Win32
		{3C14DFE0-C91A-42A5-9831-F1B565A046FF}.Release|Win32.Build.0 = Release|Win32
		{9F00C2A9-CBFC-4ACA-AC94-E6684D591ABA}.Debug|Win32.ActiveCfg = Debug|Win32
		{9F00C2A9-CBFC-4ACA-AC94-E6684D591ABA}.Debug|Win32.Build.0 = Debug|Win32
		{9F00C2A9-CBFC-4ACA-AC94-E6684D591ABA}.Release|Win32.ActiveCfg = Release|Win32
		{9F00C2A9-CBFC-4ACA-AC94-E6684D591ABA}.Release|Win32.Build.0 = Release|Win32
		{27DCF3CF-1880-4042-B5FF-B60C5CDCEBE0}.Debug|Win32.ActiveCfg = Debug|Win32
		{27DCF3CF-1880-4042-B5FF-B60C5CDCEBE0}.Debug|Win32.Build.0 = Debug|Win32
		{27DCF3CF-1880-4042-B5FF-B60C5CDCEBE0}.Release|Win32.ActiveCfg = Release|Win32
		{27DCF3CF-1880-4042-B5FF-B60C5CDCEBE0}.Release|Win32.Build.0 = Release|Win32
		{5F917117-279A-4DE7-84DA-500971046FCA}.Debug|Win32.ActiveCfg = Debug|Win32
		{5F917117-279A-4DE7-84DA-500971046FCA}.Debug|Win32.Build.0 = Debug|Win32
		{5F917117-279A-4DE7-84DA-500971046FCA}.Release|Win32.ActiveCfg = Release|Win32
		{5F917117-279A-4DE7-84DA-500971046FCA}.Release|Win32.Build.0 = Release|Win32
		{6DDAC9AD-8394-44D5-843A-89A8763DF369}.Debug|Win32.ActiveCfg = Debug|Win32
		{6DDAC9AD-8394-44D5-843A-89A8763DF369}.Debug|Win32.Build.0 = Debug|Win32
		{6DDAC9AD-8394-44D5-843A-89A8763DF369}.Release|Win32.ActiveCfg = Release|Win32
		{6DDAC9AD-8394-44D5-843A-89A8763DF369}.Release|Win32.Build.0 = Release|Win32
	EndGlobalSection
	GlobalSection(SolutionProperties) = preSolution
		HideSolutionNode = FALSE
	EndGlobalSection
EndGlobal
