// !$*UTF8*$!
{
	archiveVersion = 1;
	classes = {
	};
	objectVersion = 39;
	objects = {
		014CEA460018CE2711CA2923 = {
			buildRules = (
			);
			buildSettings = {
				COPY_PHASE_STRIP = NO;
				DEBUGGING_SYMBOLS = YES;
				GCC_DYNAMIC_NO_PIC = NO;
				GCC_ENABLE_FIX_AND_CONTINUE = YES;
				GCC_GENERATE_DEBUGGING_SYMBOLS = YES;
				GCC_OPTIMIZATION_LEVEL = 0;
				HEADER_SEARCH_PATHS = "../.. ../../include ../../lib/mp4v2 ../../lib/mp4av ../../common/video/libmpeg32 ../../lib/avi";
				LIBRARY_SEARCH_PATHS = "../../lib/gnu/build ../../lib/avi/build";
				OPTIMIZATION_CFLAGS = "-O0";
				ZERO_LINK = NO;
			};
			isa = PBXBuildStyle;
			name = Development;
		};
		014CEA470018CE2711CA2923 = {
			buildRules = (
			);
			buildSettings = {
				COPY_PHASE_STRIP = YES;
				GCC_ENABLE_FIX_AND_CONTINUE = NO;
				GCC_TREAT_WARNINGS_AS_ERRORS = YES;
				GCC_WARN_ABOUT_MISSING_PROTOTYPES = YES;
				GCC_WARN_CHECK_SWITCH_STATEMENTS = YES;
				GCC_WARN_INITIALIZER_NOT_FULLY_BRACKETED = YES;
				GCC_WARN_MISSING_PARENTHESES = YES;
				GCC_WARN_SHADOW = YES;
				GCC_WARN_SIGN_COMPARE = YES;
				GCC_WARN_TYPECHECK_CALLS_TO_PRINTF = YES;
				GCC_WARN_UNINITIALIZED_AUTOS = YES;
				GCC_WARN_UNKNOWN_PRAGMAS = YES;
				GCC_WARN_UNUSED_FUNCTION = YES;
				GCC_WARN_UNUSED_LABEL = YES;
				GCC_WARN_UNUSED_VALUE = YES;
				GCC_WARN_UNUSED_VARIABLE = YES;
				HEADER_SEARCH_PATHS = "../.. ../../include ../../lib/mp4v2 ../../lib/mp4av ../../common/video/libmpeg32 ../../lib/avi";
				LIBRARY_SEARCH_PATHS = "../../lib/gnu/build ../../lib/avi/build";
				ZERO_LINK = NO;
			};
			isa = PBXBuildStyle;
			name = Deployment;
		};
//010
//011
//012
//013
//014
//020
//021
//022
//023
//024
		0249A662FF388D9811CA2CEA = {
			children = (
				9BC7379805E69405004C6EC8,
				9BC7377205E692A2004C6EC8,
				9BC7377A05E692F5004C6EC8,
				9BC7377E05E69310004C6EC8,
				9BC7376E05E6928C004C6EC8,
				0249A663FF388D9811CA2CEA,
			);
			isa = PBXGroup;
			name = "External Frameworks and Libraries";
			refType = 4;
			sourceTree = "<group>";
		};
		0249A663FF388D9811CA2CEA = {
			isa = PBXFileReference;
			lastKnownFileType = archive.ar;
			name = "libstdc++.a";
			path = "/usr/lib/libstdc++.a";
			refType = 0;
			sourceTree = "<absolute>";
		};
//020
//021
//022
//023
//024
//080
//081
//082
//083
//084
		08FB7793FE84155DC02AAC07 = {
			buildSettings = {
			};
			buildStyles = (
				014CEA460018CE2711CA2923,
				014CEA470018CE2711CA2923,
			);
			hasScannedForEncodings = 1;
			isa = PBXProject;
			mainGroup = 08FB7794FE84155DC02AAC07;
			projectDirPath = "";
			projectReferences = (
				{
					ProductGroup = 9BC7378205E69322004C6EC8;
					ProjectRef = 9BC7377E05E69310004C6EC8;
				},
				{
					ProductGroup = 9BC7378605E69328004C6EC8;
					ProjectRef = 9BC7376E05E6928C004C6EC8;
				},
				{
					ProductGroup = 9BC7378A05E69334004C6EC8;
					ProjectRef = 9BC7377205E692A2004C6EC8;
				},
				{
					ProductGroup = 9BC7379E05E6940B004C6EC8;
					ProjectRef = 9BC7379805E69405004C6EC8;
				},
				{
					ProductGroup = 9BC7378405E69328004C6EC8;
					ProjectRef = 9BC7377A05E692F5004C6EC8;
				},
			);
			targets = (
				8DD76F620486A84900D96B5E,
			);
		};
		08FB7794FE84155DC02AAC07 = {
			children = (
				08FB7795FE84155DC02AAC07,
				C6859E8C029090F304C91782,
				0249A662FF388D9811CA2CEA,
				1AB674ADFE9D54B511CA2CBB,
			);
			isa = PBXGroup;
			name = mp4creator;
			refType = 4;
			sourceTree = "<group>";
		};
		08FB7795FE84155DC02AAC07 = {
			children = (
				9BC7375E05E69274004C6EC8,
				9BC7375F05E69274004C6EC8,
				9BC7376005E69274004C6EC8,
				9BC7376105E69274004C6EC8,
				9BC7376205E69274004C6EC8,
				9BC7376305E69274004C6EC8,
				9BC7376405E69274004C6EC8,
				9BC7376505E69274004C6EC8,
			);
			isa = PBXGroup;
			name = Source;
			refType = 4;
			sourceTree = "<group>";
		};
//080
//081
//082
//083
//084
//1A0
//1A1
//1A2
//1A3
//1A4
		1AB674ADFE9D54B511CA2CBB = {
			children = (
				8DD76F6C0486A84900D96B5E,
			);
			isa = PBXGroup;
			name = Products;
			refType = 4;
			sourceTree = "<group>";
		};
//1A0
//1A1
//1A2
//1A3
//1A4
//8D0
//8D1
//8D2
//8D3
//8D4
		8DD76F620486A84900D96B5E = {
			buildPhases = (
				8DD76F630486A84900D96B5E,
				8DD76F640486A84900D96B5E,
				8DD76F660486A84900D96B5E,
				8DD76F680486A84900D96B5E,
				9BC7379505E693A9004C6EC8,
			);
			buildRules = (
			);
			buildSettings = {
				FRAMEWORK_SEARCH_PATHS = "";
				GCC_ENABLE_TRIGRAPHS = NO;
				GCC_GENERATE_DEBUGGING_SYMBOLS = NO;
				GCC_PRECOMPILE_PREFIX_HEADER = NO;
				GCC_WARN_ABOUT_MISSING_PROTOTYPES = NO;
				GCC_WARN_FOUR_CHARACTER_CONSTANTS = NO;
				GCC_WARN_UNKNOWN_PRAGMAS = NO;
				HEADER_SEARCH_PATHS = "";
				INSTALL_PATH = "$(HOME)/bin";
				LIBRARY_SEARCH_PATHS = "";
				OTHER_LDFLAGS = "";
				PRODUCT_NAME = mp4creator;
				WARNING_CFLAGS = "-Wmost -Wno-four-char-constants -Wno-unknown-pragmas";
			};
			dependencies = (
			);
			isa = PBXNativeTarget;
			name = mp4creator;
			productInstallPath = "$(HOME)/bin";
			productName = mp4creator;
			productReference = 8DD76F6C0486A84900D96B5E;
			productType = "com.apple.product-type.tool";
		};
		8DD76F630486A84900D96B5E = {
			buildActionMask = 2147483647;
			files = (
				9BC7376A05E69275004C6EC8,
				9BC7376D05E69275004C6EC8,
			);
			isa = PBXHeadersBuildPhase;
			runOnlyForDeploymentPostprocessing = 0;
		};
		8DD76F640486A84900D96B5E = {
			buildActionMask = 2147483647;
			files = (
				9BC7376605E69275004C6EC8,
				9BC7376705E69275004C6EC8,
				9BC7376805E69275004C6EC8,
				9BC7376905E69275004C6EC8,
				9BC7376B05E69275004C6EC8,
				9BC7376C05E69275004C6EC8,
			);
			isa = PBXSourcesBuildPhase;
			runOnlyForDeploymentPostprocessing = 0;
		};
		8DD76F660486A84900D96B5E = {
			buildActionMask = 2147483647;
			files = (
				9BC737A005E6940E004C6EC8,
				9BC7379005E6934A004C6EC8,
				9BC7378F05E69345004C6EC8,
				9BC7378D05E69339004C6EC8,
				9BC7378C05E69335004C6EC8,
				8DD76F670486A84900D96B5E,
			);
			isa = PBXFrameworksBuildPhase;
			runOnlyForDeploymentPostprocessing = 0;
		};
		8DD76F670486A84900D96B5E = {
			fileRef = 0249A663FF388D9811CA2CEA;
			isa = PBXBuildFile;
			settings = {
			};
		};
		8DD76F680486A84900D96B5E = {
			buildActionMask = 2147483647;
			files = (
			);
			isa = PBXRezBuildPhase;
			runOnlyForDeploymentPostprocessing = 0;
		};
		8DD76F6C0486A84900D96B5E = {
			explicitFileType = "compiled.mach-o.executable";
			includeInIndex = 0;
			isa = PBXFileReference;
			path = mp4creator;
			refType = 3;
			sourceTree = BUILT_PRODUCTS_DIR;
		};
//8D0
//8D1
//8D2
//8D3
//8D4
//9B0
//9B1
//9B2
//9B3
//9B4
		9BC7375E05E69274004C6EC8 = {
			fileEncoding = 30;
			isa = PBXFileReference;
			lastKnownFileType = sourcecode.cpp.cpp;
			path = aac.cpp;
			refType = 2;
			sourceTree = SOURCE_ROOT;
		};
		9BC7375F05E69274004C6EC8 = {
			fileEncoding = 30;
			isa = PBXFileReference;
			lastKnownFileType = sourcecode.cpp.cpp;
			path = avi.cpp;
			refType = 2;
			sourceTree = SOURCE_ROOT;
		};
		9BC7376005E69274004C6EC8 = {
			fileEncoding = 30;
			isa = PBXFileReference;
			lastKnownFileType = sourcecode.cpp.cpp;
			path = mp3.cpp;
			refType = 2;
			sourceTree = SOURCE_ROOT;
		};
		9BC7376105E69274004C6EC8 = {
			fileEncoding = 30;
			isa = PBXFileReference;
			lastKnownFileType = sourcecode.cpp.cpp;
			path = mp4creator.cpp;
			refType = 2;
			sourceTree = SOURCE_ROOT;
		};
		9BC7376205E69274004C6EC8 = {
			fileEncoding = 30;
			isa = PBXFileReference;
			lastKnownFileType = sourcecode.c.h;
			path = mp4creator.h;
			refType = 2;
			sourceTree = SOURCE_ROOT;
		};
		9BC7376305E69274004C6EC8 = {
			fileEncoding = 30;
			isa = PBXFileReference;
			lastKnownFileType = sourcecode.cpp.cpp;
			path = mp4v.cpp;
			refType = 2;
			sourceTree = SOURCE_ROOT;
		};
		9BC7376405E69274004C6EC8 = {
			fileEncoding = 30;
			isa = PBXFileReference;
			lastKnownFileType = sourcecode.cpp.cpp;
			path = mpeg.cpp;
			refType = 2;
			sourceTree = SOURCE_ROOT;
		};
		9BC7376505E69274004C6EC8 = {
			fileEncoding = 30;
			isa = PBXFileReference;
			lastKnownFileType = sourcecode.c.h;
			path = mpeg.h;
			refType = 2;
			sourceTree = SOURCE_ROOT;
		};
		9BC7376605E69275004C6EC8 = {
			fileRef = 9BC7375E05E69274004C6EC8;
			isa = PBXBuildFile;
			settings = {
			};
		};
		9BC7376705E69275004C6EC8 = {
			fileRef = 9BC7375F05E69274004C6EC8;
			isa = PBXBuildFile;
			settings = {
			};
		};
		9BC7376805E69275004C6EC8 = {
			fileRef = 9BC7376005E69274004C6EC8;
			isa = PBXBuildFile;
			settings = {
			};
		};
		9BC7376905E69275004C6EC8 = {
			fileRef = 9BC7376105E69274004C6EC8;
			isa = PBXBuildFile;
			settings = {
			};
		};
		9BC7376A05E69275004C6EC8 = {
			fileRef = 9BC7376205E69274004C6EC8;
			isa = PBXBuildFile;
			settings = {
			};
		};
		9BC7376B05E69275004C6EC8 = {
			fileRef = 9BC7376305E69274004C6EC8;
			isa = PBXBuildFile;
			settings = {
			};
		};
		9BC7376C05E69275004C6EC8 = {
			fileRef = 9BC7376405E69274004C6EC8;
			isa = PBXBuildFile;
			settings = {
			};
		};
		9BC7376D05E69275004C6EC8 = {
			fileRef = 9BC7376505E69274004C6EC8;
			isa = PBXBuildFile;
			settings = {
			};
		};
		9BC7376E05E6928C004C6EC8 = {
			isa = PBXFileReference;
			lastKnownFileType = "wrapper.pb-project";
			name = avi.xcode;
			path = /Users/wmay/mpeg4ip/lib/avi/avi.xcode;
			refType = 0;
			sourceTree = "<absolute>";
		};
		9BC7377205E692A2004C6EC8 = {
			isa = PBXFileReference;
			lastKnownFileType = "wrapper.pb-project";
			name = gnu.xcode;
			path = /Users/wmay/mpeg4ip/lib/gnu/gnu.xcode;
			refType = 0;
			sourceTree = "<absolute>";
		};
		9BC7377A05E692F5004C6EC8 = {
			isa = PBXFileReference;
			lastKnownFileType = "wrapper.pb-project";
			name = libmp4v2.xcode;
			path = /Users/wmay/mpeg4ip/lib/mp4v2/libmp4v2.xcode;
			refType = 0;
			sourceTree = "<absolute>";
		};
		9BC7377E05E69310004C6EC8 = {
			isa = PBXFileReference;
			lastKnownFileType = "wrapper.pb-project";
			name = libmp4av.xcode;
			path = /Users/wmay/mpeg4ip/lib/mp4av/libmp4av.xcode;
			refType = 0;
			sourceTree = "<absolute>";
		};
		9BC7378205E69322004C6EC8 = {
			children = (
				9BC7378305E69322004C6EC8,
			);
			isa = PBXGroup;
			name = Products;
			refType = 4;
			sourceTree = "<group>";
		};
		9BC7378305E69322004C6EC8 = {
			fileType = "compiled.mach-o.dylib";
			isa = PBXReferenceProxy;
			path = libmp4av.dylib;
			refType = 3;
			remoteRef = 9BC7379205E6934C004C6EC8;
			sourceTree = BUILT_PRODUCTS_DIR;
		};
		9BC7378405E69328004C6EC8 = {
			children = (
				9BC7378505E69328004C6EC8,
			);
			isa = PBXGroup;
			name = Products;
			refType = 4;
			sourceTree = "<group>";
		};
		9BC7378505E69328004C6EC8 = {
			fileType = "compiled.mach-o.dylib";
			isa = PBXReferenceProxy;
			path = libmp4v2.dylib;
			refType = 3;
			remoteRef = 9BC7379305E6934C004C6EC8;
			sourceTree = BUILT_PRODUCTS_DIR;
		};
		9BC7378605E69328004C6EC8 = {
			children = (
				9BC7378705E69328004C6EC8,
			);
			isa = PBXGroup;
			name = Products;
			refType = 4;
			sourceTree = "<group>";
		};
		9BC7378705E69328004C6EC8 = {
			fileType = archive.ar;
			isa = PBXReferenceProxy;
			path = libavi.a;
			refType = 3;
			remoteRef = 9BC7379105E6934C004C6EC8;
			sourceTree = BUILT_PRODUCTS_DIR;
		};
		9BC7378A05E69334004C6EC8 = {
			children = (
				9BC7378B05E69334004C6EC8,
			);
			isa = PBXGroup;
			name = Products;
			refType = 4;
			sourceTree = "<group>";
		};
		9BC7378B05E69334004C6EC8 = {
			fileType = archive.ar;
			isa = PBXReferenceProxy;
			path = libgnu.a;
			refType = 3;
			remoteRef = 9BC7379405E6934C004C6EC8;
			sourceTree = BUILT_PRODUCTS_DIR;
		};
		9BC7378C05E69335004C6EC8 = {
			fileRef = 9BC7378B05E69334004C6EC8;
			isa = PBXBuildFile;
			settings = {
			};
		};
		9BC7378D05E69339004C6EC8 = {
			fileRef = 9BC7378505E69328004C6EC8;
			isa = PBXBuildFile;
			settings = {
			};
		};
		9BC7378F05E69345004C6EC8 = {
			fileRef = 9BC7378305E69322004C6EC8;
			isa = PBXBuildFile;
			settings = {
			};
		};
		9BC7379005E6934A004C6EC8 = {
			fileRef = 9BC7378705E69328004C6EC8;
			isa = PBXBuildFile;
			settings = {
			};
		};
		9BC7379105E6934C004C6EC8 = {
			containerPortal = 9BC7376E05E6928C004C6EC8;
			isa = PBXContainerItemProxy;
			proxyType = 2;
			remoteGlobalIDString = D2AAC046055464E500DB518D;
			remoteInfo = avi;
		};
		9BC7379205E6934C004C6EC8 = {
			containerPortal = 9BC7377E05E69310004C6EC8;
			isa = PBXContainerItemProxy;
			proxyType = 2;
			remoteGlobalIDString = D2AAC0630554660B00DB518D;
			remoteInfo = libmp4av;
		};
		9BC7379305E6934C004C6EC8 = {
			containerPortal = 9BC7377A05E692F5004C6EC8;
			isa = PBXContainerItemProxy;
			proxyType = 2;
			remoteGlobalIDString = D2AAC0630554660B00DB518D;
			remoteInfo = libmp4v2;
		};
		9BC7379405E6934C004C6EC8 = {
			containerPortal = 9BC7377205E692A2004C6EC8;
			isa = PBXContainerItemProxy;
			proxyType = 2;
			remoteGlobalIDString = D2AAC046055464E500DB518D;
			remoteInfo = gnu;
		};
		9BC7379505E693A9004C6EC8 = {
			buildActionMask = 2147483647;
			dstPath = /usr/local/bin;
			dstSubfolderSpec = 0;
			files = (
				9BC7379705E693B6004C6EC8,
			);
			isa = PBXCopyFilesBuildPhase;
			runOnlyForDeploymentPostprocessing = 0;
		};
		9BC7379705E693B6004C6EC8 = {
			fileRef = 8DD76F6C0486A84900D96B5E;
			isa = PBXBuildFile;
			settings = {
			};
		};
		9BC7379805E69405004C6EC8 = {
			isa = PBXFileReference;
			lastKnownFileType = "wrapper.pb-project";
			name = libmpeg32.xcode;
			path = /Users/wmay/mpeg4ip/common/video/libmpeg32/libmpeg32.xcode;
			refType = 0;
			sourceTree = "<absolute>";
		};
		9BC7379E05E6940B004C6EC8 = {
			children = (
				9BC7379F05E6940B004C6EC8,
			);
			isa = PBXGroup;
			name = Products;
			refType = 4;
			sourceTree = "<group>";
		};
		9BC7379F05E6940B004C6EC8 = {
			fileType = "compiled.mach-o.dylib";
			isa = PBXReferenceProxy;
			path = libmpeg32.dylib;
			refType = 3;
			remoteRef = 9BC737A105E69410004C6EC8;
			sourceTree = BUILT_PRODUCTS_DIR;
		};
		9BC737A005E6940E004C6EC8 = {
			fileRef = 9BC7379F05E6940B004C6EC8;
			isa = PBXBuildFile;
			settings = {
			};
		};
		9BC737A105E69410004C6EC8 = {
			containerPortal = 9BC7379805E69405004C6EC8;
			isa = PBXContainerItemProxy;
			proxyType = 2;
			remoteGlobalIDString = D2AAC0630554660B00DB518D;
			remoteInfo = libmpeg32;
		};
//9B0
//9B1
//9B2
//9B3
//9B4
//C60
//C61
//C62
//C63
//C64
		C6859E8C029090F304C91782 = {
			children = (
			);
			isa = PBXGroup;
			name = Documentation;
			refType = 4;
			sourceTree = "<group>";
		};
	};
	rootObject = 08FB7793FE84155DC02AAC07;
}
