// !$*UTF8*$!
{
	archiveVersion = 1;
	classes = {
	};
	objectVersion = 39;
	objects = {
		4A3745BB0528B400003608A1 = {
			expectedFileType = archive.ar;
			isa = PBXFileReference;
			name = libmsg_queue.a;
			path = lib/msg_queue/.libs/libmsg_queue.a;
			refType = 4;
			sourceTree = "<group>";
		};
		4A3745BC0528B400003608A1 = {
			fileRef = 4A3745BB0528B400003608A1;
			isa = PBXBuildFile;
			settings = {
			};
		};
		4A3745C20528B6DF003608A1 = {
			expectedFileType = archive.ar;
			isa = PBXFileReference;
			name = libmp4syncbase.a;
			path = player/src/.libs/libmp4syncbase.a;
			refType = 4;
			sourceTree = "<group>";
		};
		4A3745C30528B6DF003608A1 = {
			fileRef = 4A3745C20528B6DF003608A1;
			isa = PBXBuildFile;
			settings = {
			};
		};
		4A3745C40528B744003608A1 = {
			expectedFileType = archive.ar;
			isa = PBXFileReference;
			name = libconfig_file.a;
			path = lib/config_file/.libs/libconfig_file.a;
			refType = 4;
			sourceTree = "<group>";
		};
		4A3745C50528B744003608A1 = {
			fileRef = 4A3745C40528B744003608A1;
			isa = PBXBuildFile;
			settings = {
			};
		};
		4A82771405336C28003608A1 = {
			expectedFileType = archive.ar;
			isa = PBXFileReference;
			name = "libstdc++.a";
			path = "/usr/lib/libstdc++.a";
			refType = 0;
			sourceTree = "<absolute>";
		};
		4A82771505336C28003608A1 = {
			fileRef = 4A82771405336C28003608A1;
			isa = PBXBuildFile;
			settings = {
			};
		};
		4AD5DA000528A8C1003608A1 = {
			expectedFileType = archive.ar;
			isa = PBXFileReference;
			name = libmp4player.a;
			path = player/src/.libs/libmp4player.a;
			refType = 4;
			sourceTree = "<group>";
		};
		4AD5DA010528A8C1003608A1 = {
			fileRef = 4AD5DA000528A8C1003608A1;
			isa = PBXBuildFile;
			settings = {
			};
		};
		4AD5DA2D0528AB08003608A1 = {
			expectedFileType = archive.ar;
			isa = PBXFileReference;
			name = libmp4syncbase.a;
			path = player/src/.libs/libmp4syncbase.a;
			refType = 4;
			sourceTree = "<group>";
		};
		4AD5DA2F0528AB18003608A1 = {
			expectedFileType = archive.ar;
			isa = PBXFileReference;
			name = libmp4syncsdl.a;
			path = player/src/.libs/libmp4syncsdl.a;
			refType = 4;
			sourceTree = "<group>";
		};
		4AD5DA300528AB18003608A1 = {
			fileRef = 4AD5DA2F0528AB18003608A1;
			isa = PBXBuildFile;
			settings = {
			};
		};
		4AD5DA310528AB30003608A1 = {
			expectedFileType = archive.ar;
			isa = PBXFileReference;
			name = libmp4playerutils.a;
			path = player/src/.libs/libmp4playerutils.a;
			refType = 4;
			sourceTree = "<group>";
		};
		4AD5DA320528AB30003608A1 = {
			fileRef = 4AD5DA310528AB30003608A1;
			isa = PBXBuildFile;
			settings = {
			};
		};
		4AD5DA330528AC30003608A1 = {
			expectedFileType = archive.ar;
			isa = PBXFileReference;
			name = libSDL.a;
			path = lib/SDL/src/.libs/libSDL.a;
			refType = 4;
			sourceTree = "<group>";
		};
		4AD5DA340528AC30003608A1 = {
			fileRef = 4AD5DA330528AC30003608A1;
			isa = PBXBuildFile;
			settings = {
			};
		};
		4AD5DA350528AC91003608A1 = {
			expectedFileType = archive.ar;
			isa = PBXFileReference;
			name = libmp4syncbase.a;
			path = player/src/.libs/libmp4syncbase.a;
			refType = 4;
			sourceTree = "<group>";
		};
		4AD5DA3E0528ADD2003608A1 = {
			expectedFileType = archive.ar;
			isa = PBXFileReference;
			name = libhttp.a;
			path = player/lib/libhttp/.libs/libhttp.a;
			refType = 4;
			sourceTree = "<group>";
		};
		4AD5DA3F0528ADD2003608A1 = {
			fileRef = 4AD5DA3E0528ADD2003608A1;
			isa = PBXBuildFile;
			settings = {
			};
		};
		4AD5DA400528AE44003608A1 = {
			expectedFileType = archive.ar;
			isa = PBXFileReference;
			name = libsdp.a;
			path = lib/sdp/.libs/libsdp.a;
			refType = 4;
			sourceTree = "<group>";
		};
		4AD5DA410528AE44003608A1 = {
			fileRef = 4AD5DA400528AE44003608A1;
			isa = PBXBuildFile;
			settings = {
			};
		};
		4AD5DA440528AF01003608A1 = {
			expectedFileType = archive.ar;
			isa = PBXFileReference;
			name = libmp4v2.a;
			path = lib/mp4v2/.libs/libmp4v2.a;
			refType = 4;
			sourceTree = "<group>";
		};
		4AD5DA450528AF01003608A1 = {
			fileRef = 4AD5DA440528AF01003608A1;
			isa = PBXBuildFile;
			settings = {
			};
		};
		4AD5DA4B0528AF78003608A1 = {
			expectedFileType = archive.ar;
			isa = PBXFileReference;
			name = libmp4util.a;
			path = player/lib/mp4util/.libs/libmp4util.a;
			refType = 4;
			sourceTree = "<group>";
		};
		4AD5DA4C0528AF78003608A1 = {
			fileRef = 4AD5DA4B0528AF78003608A1;
			isa = PBXBuildFile;
			settings = {
			};
		};
		4AD5DA4D0528AFCF003608A1 = {
			expectedFileType = archive.ar;
			isa = PBXFileReference;
			name = libmp4.a;
			path = lib/mp4/.libs/libmp4.a;
			refType = 4;
			sourceTree = "<group>";
		};
		4AD5DA4E0528AFCF003608A1 = {
			fileRef = 4AD5DA4D0528AFCF003608A1;
			isa = PBXBuildFile;
			settings = {
			};
		};
		4AD5DA4F0528B04B003608A1 = {
			expectedFileType = archive.ar;
			isa = PBXFileReference;
			name = libmp4av.a;
			path = lib/mp4av/.libs/libmp4av.a;
			refType = 4;
			sourceTree = "<group>";
		};
		4AD5DA500528B04B003608A1 = {
			fileRef = 4AD5DA4F0528B04B003608A1;
			isa = PBXBuildFile;
			settings = {
			};
		};
//4A0
//4A1
//4A2
//4A3
//4A4
//540
//541
//542
//543
//544
		54EE26120174FC597F000001 = {
			children = (
				54EE27050175099F7F000001,
			);
			isa = PBXGroup;
			path = mp4v2;
			refType = 4;
			sourceTree = "<group>";
		};
		54EE27050175099F7F000001 = {
			children = (
				54EE27060175099F7F000001,
			);
			isa = PBXGroup;
			name = .libs;
			path = lib/mp4v2/.libs;
			refType = 2;
			sourceTree = SOURCE_ROOT;
		};
		54EE27060175099F7F000001 = {
			expectedFileType = archive.ar;
			isa = PBXFileReference;
			path = libmp4v2.a;
			refType = 4;
			sourceTree = "<group>";
		};
//540
//541
//542
//543
//544
//9A0
//9A1
//9A2
//9A3
//9A4
		9A1731970564378500D3D13B = {
			containerPortal = F5E8C8A601459D8901927C4D;
			isa = PBXContainerItemProxy;
			proxyType = 1;
			remoteGlobalIDString = F5E8D73C0145D63801927C4D;
			remoteInfo = mpeg4ip;
		};
		9A1731990564378500D3D13B = {
			containerPortal = F5E8C8A601459D8901927C4D;
			isa = PBXContainerItemProxy;
			proxyType = 1;
			remoteGlobalIDString = F5E8D73E0145D63801927C4D;
			remoteInfo = bootstrap;
		};
		9A49FA4105657F0D00A090D6 = {
			expectedFileType = "compiled.mach-o.executable";
			includeInIndex = 0;
			isa = PBXFileReference;
			path = Untitled;
			refType = 3;
			sourceTree = BUILT_PRODUCTS_DIR;
		};
//9A0
//9A1
//9A2
//9A3
//9A4
//F50
//F51
//F52
//F53
//F54
		F50A16AA0152C08701927C4D = {
			children = (
				F50A16AB0152C08701927C4D,
				F50A177E0152C08701927C4D,
				F50A1AB50152C1AA01927C4D,
			);
			isa = PBXGroup;
			path = sys;
			refType = 4;
			sourceTree = "<group>";
		};
		F50A16AB0152C08701927C4D = {
			children = (
				F50A16E60152C08701927C4D,
			);
			isa = PBXGroup;
			path = decoder;
			refType = 4;
			sourceTree = "<group>";
		};
		F50A16E60152C08701927C4D = {
			children = (
				F50A16E70152C08701927C4D,
			);
			isa = PBXGroup;
			path = .libs;
			refType = 4;
			sourceTree = "<group>";
		};
		F50A16E70152C08701927C4D = {
			expectedFileType = file;
			isa = PBXFileReference;
			path = libobj_sys_decoder.a;
			refType = 4;
			sourceTree = "<group>";
		};
		F50A177E0152C08701927C4D = {
			children = (
				F50A177F0152C08701927C4D,
			);
			isa = PBXGroup;
			path = .libs;
			refType = 4;
			sourceTree = "<group>";
		};
		F50A177F0152C08701927C4D = {
			expectedFileType = file;
			isa = PBXFileReference;
			path = libobj_sys.a;
			refType = 4;
			sourceTree = "<group>";
		};
		F50A17820152C08701927C4D = {
			children = (
				F50A17830152C08701927C4D,
			);
			isa = PBXGroup;
			path = tools;
			refType = 4;
			sourceTree = "<group>";
		};
		F50A17830152C08701927C4D = {
			children = (
				F50A17960152C08701927C4D,
			);
			isa = PBXGroup;
			path = entropy;
			refType = 4;
			sourceTree = "<group>";
		};
		F50A17960152C08701927C4D = {
			children = (
				F50A17970152C08701927C4D,
			);
			isa = PBXGroup;
			path = .libs;
			refType = 4;
			sourceTree = "<group>";
		};
		F50A17970152C08701927C4D = {
			expectedFileType = file;
			isa = PBXFileReference;
			path = libobj_tools_entropy.a;
			refType = 4;
			sourceTree = "<group>";
		};
		F50A179D0152C08701927C4D = {
			children = (
				F50A17DB0152C08701927C4D,
			);
			isa = PBXGroup;
			path = type;
			refType = 4;
			sourceTree = "<group>";
		};
		F50A17DB0152C08701927C4D = {
			children = (
				F50A17DC0152C08701927C4D,
			);
			isa = PBXGroup;
			path = .libs;
			refType = 4;
			sourceTree = "<group>";
		};
		F50A17DC0152C08701927C4D = {
			expectedFileType = file;
			isa = PBXFileReference;
			path = libobj_type.a;
			refType = 4;
			sourceTree = "<group>";
		};
		F50A17DF0152C08701927C4D = {
			children = (
				F50A17E40152C08701927C4D,
				F50A180F0152C08701927C4D,
				F50A18420152C08701927C4D,
				F50A186C0152C08701927C4D,
				F50A188E0152C08701927C4D,
			);
			isa = PBXGroup;
			path = vtc;
			refType = 4;
			sourceTree = "<group>";
		};
		F50A17E40152C08701927C4D = {
			children = (
				F50A18010152C08701927C4D,
			);
			isa = PBXGroup;
			path = main;
			refType = 4;
			sourceTree = "<group>";
		};
		F50A18010152C08701927C4D = {
			children = (
				F50A18020152C08701927C4D,
				F50A18040152C08701927C4D,
				F50A18060152C08701927C4D,
			);
			isa = PBXGroup;
			path = .libs;
			refType = 4;
			sourceTree = "<group>";
		};
		F50A18020152C08701927C4D = {
			expectedFileType = file;
			isa = PBXFileReference;
			path = libobj_vtc_main.a;
			refType = 4;
			sourceTree = "<group>";
		};
		F50A18040152C08701927C4D = {
			expectedFileType = file;
			isa = PBXFileReference;
			path = libobj_vtc_main_dec.a;
			refType = 4;
			sourceTree = "<group>";
		};
		F50A18060152C08701927C4D = {
			expectedFileType = file;
			isa = PBXFileReference;
			path = libobj_vtc_main_enc.a;
			refType = 4;
			sourceTree = "<group>";
		};
		F50A180F0152C08701927C4D = {
			children = (
				F50A183E0152C08701927C4D,
			);
			isa = PBXGroup;
			path = pezw;
			refType = 4;
			sourceTree = "<group>";
		};
		F50A183E0152C08701927C4D = {
			children = (
				F50A183F0152C08701927C4D,
			);
			isa = PBXGroup;
			path = .libs;
			refType = 4;
			sourceTree = "<group>";
		};
		F50A183F0152C08701927C4D = {
			expectedFileType = file;
			isa = PBXFileReference;
			path = libobj_vtc_pezw.a;
			refType = 4;
			sourceTree = "<group>";
		};
		F50A18420152C08701927C4D = {
			children = (
				F50A18680152C08701927C4D,
			);
			isa = PBXGroup;
			path = wavelet;
			refType = 4;
			sourceTree = "<group>";
		};
		F50A18680152C08701927C4D = {
			children = (
				F50A18690152C08701927C4D,
			);
			isa = PBXGroup;
			path = .libs;
			refType = 4;
			sourceTree = "<group>";
		};
		F50A18690152C08701927C4D = {
			expectedFileType = file;
			isa = PBXFileReference;
			path = libobj_vtc_wavelet.a;
			refType = 4;
			sourceTree = "<group>";
		};
		F50A186C0152C08701927C4D = {
			children = (
				F50A188A0152C08701927C4D,
			);
			isa = PBXGroup;
			path = zte;
			refType = 4;
			sourceTree = "<group>";
		};
		F50A188A0152C08701927C4D = {
			children = (
				F50A188B0152C08701927C4D,
			);
			isa = PBXGroup;
			path = .libs;
			refType = 4;
			sourceTree = "<group>";
		};
		F50A188B0152C08701927C4D = {
			expectedFileType = file;
			isa = PBXFileReference;
			path = libobj_vtc_zte.a;
			refType = 4;
			sourceTree = "<group>";
		};
		F50A188E0152C08701927C4D = {
			children = (
				F50A18BA0152C08701927C4D,
			);
			isa = PBXGroup;
			path = ztq;
			refType = 4;
			sourceTree = "<group>";
		};
		F50A18BA0152C08701927C4D = {
			children = (
				F50A18BB0152C08701927C4D,
			);
			isa = PBXGroup;
			path = .libs;
			refType = 4;
			sourceTree = "<group>";
		};
		F50A18BB0152C08701927C4D = {
			expectedFileType = file;
			isa = PBXFileReference;
			path = libobj_vtc_ztq.a;
			refType = 4;
			sourceTree = "<group>";
		};
		F50A1AB50152C1AA01927C4D = {
			children = (
				F50A1AB60152C1AA01927C4D,
			);
			isa = PBXGroup;
			path = encoder;
			refType = 4;
			sourceTree = "<group>";
		};
		F50A1AB60152C1AA01927C4D = {
			children = (
				F50A1AB70152C1AA01927C4D,
			);
			isa = PBXGroup;
			path = .libs;
			refType = 4;
			sourceTree = "<group>";
		};
		F50A1AB70152C1AA01927C4D = {
			expectedFileType = file;
			isa = PBXFileReference;
			path = libobj_sys_encoder.a;
			refType = 4;
			sourceTree = "<group>";
		};
		F50A1ABF0152CA5D01927C4D = {
			expectedFileType = archive.ar;
			isa = PBXFileReference;
			path = libmp4playerutils.a;
			refType = 4;
			sourceTree = "<group>";
		};
		F50A1AC00152CA5D01927C4D = {
			children = (
				F50A1AC10152CA5D01927C4D,
			);
			isa = PBXGroup;
			path = libhttp;
			refType = 4;
			sourceTree = "<group>";
		};
		F50A1AC10152CA5D01927C4D = {
			children = (
				F50A1AC20152CA5D01927C4D,
			);
			isa = PBXGroup;
			path = .libs;
			refType = 4;
			sourceTree = "<group>";
		};
		F50A1AC20152CA5D01927C4D = {
			expectedFileType = archive.ar;
			isa = PBXFileReference;
			path = libhttp.a;
			refType = 4;
			sourceTree = "<group>";
		};
		F5E43B8C01A73F4701FE0166 = {
			children = (
				F67D1EA3022ACFEB01476132,
			);
			isa = PBXGroup;
			path = rtp;
			refType = 4;
			sourceTree = "<group>";
		};
		F5E43B9B01A7507301FE0166 = {
			expectedFileType = wrapper.framework;
			fallbackIsa = PBXFileReference;
			isa = PBXFrameworkReference;
			name = OpenGL.framework;
			path = /System/Library/Frameworks/OpenGL.framework;
			refType = 0;
			sourceTree = "<absolute>";
		};
		F5E43B9C01A7507301FE0166 = {
			expectedFileType = wrapper.framework;
			fallbackIsa = PBXFileReference;
			isa = PBXFrameworkReference;
			name = IOKit.framework;
			path = /System/Library/Frameworks/IOKit.framework;
			refType = 0;
			sourceTree = "<absolute>";
		};
		F5E43B9D01A7507301FE0166 = {
			fileRef = F5E43B9B01A7507301FE0166;
			isa = PBXBuildFile;
			settings = {
			};
		};
		F5E43B9E01A7507301FE0166 = {
			fileRef = F5E43B9C01A7507301FE0166;
			isa = PBXBuildFile;
			settings = {
			};
		};
		F5E8C8A601459D8901927C4D = {
			buildSettings = {
			};
			buildStyles = (
				F5E8C8B201459E3201927C4D,
			);
			hasScannedForEncodings = 1;
			isa = PBXProject;
			mainGroup = F5E8C8A701459D8901927C4D;
			productRefGroup = F5E8C8A801459DCE01927C4D;
			projectDirPath = "";
			targets = (
				F5E8C8AA01459DCE01927C4D,
				F5E8D73C0145D63801927C4D,
				F5E8D73E0145D63801927C4D,
			);
		};
		F5E8C8A701459D8901927C4D = {
			children = (
				F5E8D2990145A74801927C4D,
				F5E8D3DC0145AF7101927C4D,
				F5E8D2D40145A93C01927C4D,
				F5E8C8A801459DCE01927C4D,
				F5E8D7380145D49401927C4D,
				F5E8D7390145D49401927C4D,
			);
			isa = PBXGroup;
			refType = 4;
			sourceTree = "<group>";
		};
		F5E8C8A801459DCE01927C4D = {
			children = (
				F5E8C8A901459DCE01927C4D,
				9A49FA4105657F0D00A090D6,
			);
			isa = PBXGroup;
			name = Products;
			refType = 4;
			sourceTree = "<group>";
		};
		F5E8C8A901459DCE01927C4D = {
			expectedFileType = wrapper.application;
			fallbackIsa = PBXFileReference;
			isa = PBXApplicationReference;
			path = "MPEG-4 Player.app";
			refType = 3;
			sourceTree = BUILT_PRODUCTS_DIR;
		};
		F5E8C8AA01459DCE01927C4D = {
			buildPhases = (
				F5E8C8C80145A23F01927C4D,
				F5E8C8AB01459DCE01927C4D,
				F5E8C8AC01459DCE01927C4D,
				F5E8C8AD01459DCE01927C4D,
				F5E8C8AE01459DCE01927C4D,
				F5E8C8AF01459DCE01927C4D,
			);
			buildSettings = {
				HEADER_SEARCH_PATHS = "\"$(SRCROOT)/player/src\" \"$(SRCROOT)/common/video/mpeg4\" \"$(SRCROOT)/player/src/codec\" \"$(SRCROOT)/player/src/codec/mpeg4\" \"$(SRCROOT)/player/lib\" \"$(SRCROOT)/player/lib/audio\" \"$(SRCROOT)/lib/SDL/include\" \"$(SRCROOT)/lib/mp4\" \"$(SRCROOT)/include\" \"$(SRCROOT)/lib/avi\" \"$(SRCROOT)/lib\" \"$(SRCROOT)\"";
				LIBRARY_SEARCH_PATHS = "player/src/codec/aa/.libs player/src/codec/mp3/.libs player/src/codec/mpeg4/.libs player/src/codec/wav/.libs player/lib/audio/faad/.libs player/lib/audio/mp3/.libs player/lib/rtsp/.libs lib/bitstream/.libs /usr/lib/gcc/darwin/default lib/avi/.libs lib/rtp lib/rtp/.libs /sw/lib \"$(SRCROOT)/player/src/.libs\" \"$(SRCROOT)/lib/SDL/src/.libs\" \"$(SRCROOT)/player/lib/libhttp/.libs\" \"$(SRCROOT)/lib/sdp/.libs\" \"$(SRCROOT)/lib/mp4v2/.libs\" \"$(SRCROOT)/player/lib/mp4util/.libs\" \"$(SRCROOT)/lib/mp4/.libs\" \"$(SRCROOT)/lib/mp4av/.libs\" \"$(SRCROOT)/lib/msg_queue/.libs\" \"$(SRCROOT)/lib/config_file/.libs\"";
				OTHER_CFLAGS = "";
				OTHER_LDFLAGS = "";
				OTHER_REZFLAGS = "";
				PRODUCT_NAME = "MPEG-4 Player";
				SECTORDER_FLAGS = "";
				WARNING_CFLAGS = "-Wmost -Wno-four-char-constants -Wno-unknown-pragmas";
				WRAPPER_EXTENSION = app;
			};
			dependencies = (
				F5EF51B50152B7EE01927C4D,
			);
			isa = PBXApplicationTarget;
			name = player;
			productInstallPath = "$(USER_APPS_DIR)";
			productName = player;
			productReference = F5E8C8A901459DCE01927C4D;
			productSettingsXML = "<?xml version=\"1.0\" encoding=\"UTF-8\"?>
<!DOCTYPE plist PUBLIC \"-//Apple Computer//DTD PLIST 1.0//EN\" \"http://www.apple.com/DTDs/PropertyList-1.0.dtd\">
<plist version=\"1.0\">
<dict>
	<key>CFBundleDevelopmentRegion</key>
	<string>English</string>
	<key>CFBundleExecutable</key>
	<string>MPEG-4 Player</string>
	<key>CFBundleGetInfoString</key>
	<string>mpeg4ip MPEG-4 Player v0.9.3</string>
	<key>CFBundleIconFile</key>
	<string></string>
	<key>CFBundleIdentifier</key>
	<string></string>
	<key>CFBundleInfoDictionaryVersion</key>
	<string>6.0</string>
	<key>CFBundleName</key>
	<string>MPEG-4 Player</string>
	<key>CFBundlePackageType</key>
	<string>APPL</string>
	<key>CFBundleShortVersionString</key>
	<string>mpeg4ip</string>
	<key>CFBundleSignature</key>
	<string>????</string>
	<key>CFBundleVersion</key>
	<string>0.0.1d1</string>
	<key>NSMainNibFile</key>
	<string>SDLMain</string>
	<key>NSPrincipalClass</key>
	<string>NSApplication</string>
</dict>
</plist>
";
		};
		F5E8C8AB01459DCE01927C4D = {
			buildActionMask = 2147483647;
			files = (
				F5E8C8C20145A1E901927C4D,
				F5E8C8C30145A1E901927C4D,
				F5E8C8C40145A1E901927C4D,
			);
			isa = PBXHeadersBuildPhase;
			runOnlyForDeploymentPostprocessing = 0;
		};
		F5E8C8AC01459DCE01927C4D = {
			buildActionMask = 2147483647;
			files = (
				F5E8C8BB0145A10101927C4D,
				F5E8D72F0145B57001927C4D,
			);
			isa = PBXResourcesBuildPhase;
			runOnlyForDeploymentPostprocessing = 0;
		};
		F5E8C8AD01459DCE01927C4D = {
			buildActionMask = 2147483647;
			files = (
				F5E8C8C50145A1E901927C4D,
				F5E8C8C60145A1E901927C4D,
				F5E8C8C70145A1E901927C4D,
			);
			isa = PBXSourcesBuildPhase;
			runOnlyForDeploymentPostprocessing = 0;
		};
		F5E8C8AE01459DCE01927C4D = {
			buildActionMask = 2147483647;
			files = (
				4AD5DA010528A8C1003608A1,
				4A3745C50528B744003608A1,
				4AD5DA300528AB18003608A1,
				4AD5DA320528AB30003608A1,
				4AD5DA340528AC30003608A1,
				4AD5DA3F0528ADD2003608A1,
				4AD5DA410528AE44003608A1,
				4AD5DA450528AF01003608A1,
				4AD5DA4C0528AF78003608A1,
				4A3745C30528B6DF003608A1,
				4AD5DA4E0528AFCF003608A1,
				4AD5DA500528B04B003608A1,
				4A3745BC0528B400003608A1,
				F5E8D3110145AE2B01927C4D,
				F5E8D3130145AE3801927C4D,
				F5E43B9D01A7507301FE0166,
				F5E43B9E01A7507301FE0166,
				4A82771505336C28003608A1,
			);
			isa = PBXFrameworksBuildPhase;
			runOnlyForDeploymentPostprocessing = 0;
		};
		F5E8C8AF01459DCE01927C4D = {
			buildActionMask = 2147483647;
			files = (
			);
			isa = PBXRezBuildPhase;
			runOnlyForDeploymentPostprocessing = 0;
		};
		F5E8C8B201459E3201927C4D = {
			buildRules = (
			);
			buildSettings = {
				GCC_DYNAMIC_NO_PIC = NO;
				GCC_ENABLE_FIX_AND_CONTINUE = YES;
				GCC_GENERATE_DEBUGGING_SYMBOLS = YES;
				GCC_OPTIMIZATION_LEVEL = 0;
				OPTIMIZATION_CFLAGS = "-O0";
				ZERO_LINK = YES;
			};
			isa = PBXBuildStyle;
			name = Development;
		};
		F5E8C8BA0145A10101927C4D = {
			expectedFileType = wrapper.nib;
			isa = PBXFileReference;
			path = SDLMain.nib;
			refType = 4;
			sourceTree = "<group>";
		};
		F5E8C8BB0145A10101927C4D = {
			fileRef = F5E8C8BA0145A10101927C4D;
			isa = PBXBuildFile;
			settings = {
			};
		};
		F5E8C8BC0145A1E901927C4D = {
			expectedFileType = sourcecode.c.h;
			fileEncoding = 30;
			isa = PBXFileReference;
			path = MP4PlayerController.h;
			refType = 4;
			sourceTree = "<group>";
		};
		F5E8C8BD0145A1E901927C4D = {
			expectedFileType = sourcecode.c.objc;
			fileEncoding = 30;
			isa = PBXFileReference;
			path = MP4PlayerController.m;
			refType = 4;
			sourceTree = "<group>";
		};
		F5E8C8BE0145A1E901927C4D = {
			expectedFileType = sourcecode.cpp.cpp;
			fileEncoding = 30;
			isa = PBXFileReference;
			path = player_session_wrap.cc;
			refType = 4;
			sourceTree = "<group>";
		};
		F5E8C8BF0145A1E901927C4D = {
			expectedFileType = sourcecode.c.h;
			fileEncoding = 30;
			isa = PBXFileReference;
			path = player_session_wrap.h;
			refType = 4;
			sourceTree = "<group>";
		};
		F5E8C8C00145A1E901927C4D = {
			expectedFileType = sourcecode.c.h;
			fileEncoding = 30;
			isa = PBXFileReference;
			path = SDLMain.h;
			refType = 4;
			sourceTree = "<group>";
		};
		F5E8C8C10145A1E901927C4D = {
			expectedFileType = sourcecode.c.objc;
			fileEncoding = 30;
			isa = PBXFileReference;
			path = SDLMain.m;
			refType = 4;
			sourceTree = "<group>";
		};
		F5E8C8C20145A1E901927C4D = {
			fileRef = F5E8C8BC0145A1E901927C4D;
			isa = PBXBuildFile;
			settings = {
			};
		};
		F5E8C8C30145A1E901927C4D = {
			fileRef = F5E8C8BF0145A1E901927C4D;
			isa = PBXBuildFile;
			settings = {
			};
		};
		F5E8C8C40145A1E901927C4D = {
			fileRef = F5E8C8C00145A1E901927C4D;
			isa = PBXBuildFile;
			settings = {
			};
		};
		F5E8C8C50145A1E901927C4D = {
			fileRef = F5E8C8BD0145A1E901927C4D;
			isa = PBXBuildFile;
			settings = {
			};
		};
		F5E8C8C60145A1E901927C4D = {
			fileRef = F5E8C8BE0145A1E901927C4D;
			isa = PBXBuildFile;
			settings = {
			};
		};
		F5E8C8C70145A1E901927C4D = {
			fileRef = F5E8C8C10145A1E901927C4D;
			isa = PBXBuildFile;
			settings = {
			};
		};
		F5E8C8C80145A23F01927C4D = {
			buildActionMask = 12;
			files = (
			);
			isa = PBXShellScriptBuildPhase;
			runOnlyForDeploymentPostprocessing = 0;
			shellPath = /bin/sh;
			shellScript = "cp lib/avi/.libs/libavi.al lib/avi/.libs/libavi.a\nranlib lib/avi/.libs/libavi.a";
		};
		F5E8D2990145A74801927C4D = {
			children = (
				F5E8D29A0145A74801927C4D,
				F5E8D70C0145B22F01927C4D,
				F5E8D70E0145B22F01927C4D,
				F5E8D7110145B22F01927C4D,
				F5E8D7140145B22F01927C4D,
				F5E8D7170145B22F01927C4D,
				F5E8D71C0145B22F01927C4D,
				54EE26120174FC597F000001,
				F5E43B8C01A73F4701FE0166,
			);
			isa = PBXGroup;
			path = lib;
			refType = 4;
			sourceTree = "<group>";
		};
		F5E8D29A0145A74801927C4D = {
			children = (
				F5E8D2D00145A77A01927C4D,
			);
			isa = PBXGroup;
			path = SDL;
			refType = 4;
			sourceTree = "<group>";
		};
		F5E8D2D00145A77A01927C4D = {
			children = (
				F5E8D2D10145A8CD01927C4D,
			);
			isa = PBXGroup;
			path = src;
			refType = 4;
			sourceTree = "<group>";
		};
		F5E8D2D10145A8CD01927C4D = {
			children = (
				F5E8D2D20145A8CD01927C4D,
			);
			isa = PBXGroup;
			path = .libs;
			refType = 4;
			sourceTree = "<group>";
		};
		F5E8D2D20145A8CD01927C4D = {
			expectedFileType = archive.ar;
			isa = PBXFileReference;
			path = libSDL.a;
			refType = 4;
			sourceTree = "<group>";
		};
		F5E8D2D40145A93C01927C4D = {
			children = (
				F5E8D3140145AE7401927C4D,
				F5E8D4970145B04301927C4D,
			);
			isa = PBXGroup;
			path = player;
			refType = 2;
			sourceTree = SOURCE_ROOT;
		};
		F5E8D3100145AE2B01927C4D = {
			expectedFileType = wrapper.framework;
			fallbackIsa = PBXFileReference;
			isa = PBXFrameworkReference;
			name = Cocoa.framework;
			path = /System/Library/Frameworks/Cocoa.framework;
			refType = 0;
			sourceTree = "<absolute>";
		};
		F5E8D3110145AE2B01927C4D = {
			fileRef = F5E8D3100145AE2B01927C4D;
			isa = PBXBuildFile;
			settings = {
			};
		};
		F5E8D3120145AE3801927C4D = {
			expectedFileType = wrapper.framework;
			fallbackIsa = PBXFileReference;
			isa = PBXFrameworkReference;
			name = AGL.framework;
			path = /System/Library/Frameworks/AGL.framework;
			refType = 0;
			sourceTree = "<absolute>";
		};
		F5E8D3130145AE3801927C4D = {
			fileRef = F5E8D3120145AE3801927C4D;
			isa = PBXBuildFile;
			settings = {
			};
		};
		F5E8D3140145AE7401927C4D = {
			children = (
				F5E8D7260145B2C001927C4D,
				F5E8D3150145AE7401927C4D,
				F5E8D3180145AEE601927C4D,
				F5E8D7340145D1BB01927C4D,
			);
			isa = PBXGroup;
			path = src;
			refType = 4;
			sourceTree = "<group>";
		};
		F5E8D3150145AE7401927C4D = {
			children = (
				F5E8D3160145AE7401927C4D,
				F50A1ABF0152CA5D01927C4D,
			);
			isa = PBXGroup;
			path = .libs;
			refType = 4;
			sourceTree = "<group>";
		};
		F5E8D3160145AE7401927C4D = {
			expectedFileType = archive.ar;
			isa = PBXFileReference;
			path = libmp4player.a;
			refType = 4;
			sourceTree = "<group>";
		};
		F5E8D3180145AEE601927C4D = {
			children = (
				F5E8D3190145AEE601927C4D,
				F5E8D3360145AEE601927C4D,
				F5E8D3490145AEE601927C4D,
				F5E8D35C0145AEE601927C4D,
				F5E8D36F0145AEE601927C4D,
			);
			isa = PBXGroup;
			path = codec;
			refType = 4;
			sourceTree = "<group>";
		};
		F5E8D3190145AEE601927C4D = {
			children = (
				F5E8D32A0145AEE601927C4D,
			);
			isa = PBXGroup;
			path = aa;
			refType = 4;
			sourceTree = "<group>";
		};
		F5E8D32A0145AEE601927C4D = {
			children = (
				F5E8D32B0145AEE601927C4D,
			);
			isa = PBXGroup;
			path = .libs;
			refType = 4;
			sourceTree = "<group>";
		};
		F5E8D32B0145AEE601927C4D = {
			expectedFileType = file;
			isa = PBXFileReference;
			path = libaa.a;
			refType = 4;
			sourceTree = "<group>";
		};
		F5E8D3360145AEE601927C4D = {
			children = (
				F5E8D3410145AEE601927C4D,
			);
			isa = PBXGroup;
			path = mp3;
			refType = 4;
			sourceTree = "<group>";
		};
		F5E8D3410145AEE601927C4D = {
			children = (
				F5E8D3420145AEE601927C4D,
			);
			isa = PBXGroup;
			path = .libs;
			refType = 4;
			sourceTree = "<group>";
		};
		F5E8D3420145AEE601927C4D = {
			expectedFileType = archive.ar;
			isa = PBXFileReference;
			path = libmp3.a;
			refType = 4;
			sourceTree = "<group>";
		};
		F5E8D3490145AEE601927C4D = {
			children = (
				F5E8D3540145AEE601927C4D,
			);
			isa = PBXGroup;
			path = divx;
			refType = 4;
			sourceTree = "<group>";
		};
		F5E8D3540145AEE601927C4D = {
			children = (
				F5E8D3550145AEE601927C4D,
			);
			isa = PBXGroup;
			path = .libs;
			refType = 4;
			sourceTree = "<group>";
		};
		F5E8D3550145AEE601927C4D = {
			expectedFileType = file;
			isa = PBXFileReference;
			path = libdivx.a;
			refType = 4;
			sourceTree = "<group>";
		};
		F5E8D35C0145AEE601927C4D = {
			children = (
				F5E8D3670145AEE601927C4D,
			);
			isa = PBXGroup;
			path = mpeg4;
			refType = 4;
			sourceTree = "<group>";
		};
		F5E8D3670145AEE601927C4D = {
			children = (
				F5E8D3680145AEE601927C4D,
			);
			isa = PBXGroup;
			path = .libs;
			refType = 4;
			sourceTree = "<group>";
		};
		F5E8D3680145AEE601927C4D = {
			expectedFileType = file;
			isa = PBXFileReference;
			path = libmpeg4.a;
			refType = 4;
			sourceTree = "<group>";
		};
		F5E8D36F0145AEE601927C4D = {
			children = (
				F5E8D37A0145AEE601927C4D,
			);
			isa = PBXGroup;
			path = wav;
			refType = 4;
			sourceTree = "<group>";
		};
		F5E8D37A0145AEE601927C4D = {
			children = (
				F5E8D37B0145AEE601927C4D,
			);
			isa = PBXGroup;
			path = .libs;
			refType = 4;
			sourceTree = "<group>";
		};
		F5E8D37B0145AEE601927C4D = {
			expectedFileType = file;
			isa = PBXFileReference;
			path = libourwav.a;
			refType = 4;
			sourceTree = "<group>";
		};
		F5E8D3DC0145AF7101927C4D = {
			children = (
				F5E8D3DD0145AF7101927C4D,
			);
			isa = PBXGroup;
			path = common;
			refType = 4;
			sourceTree = "<group>";
		};
		F5E8D3DD0145AF7101927C4D = {
			children = (
				F5E8D3DE0145AF7101927C4D,
			);
			isa = PBXGroup;
			path = video;
			refType = 4;
			sourceTree = "<group>";
		};
		F5E8D3DE0145AF7101927C4D = {
			children = (
				F5E8D3DF0145AF7101927C4D,
				F50A16AA0152C08701927C4D,
				F50A17820152C08701927C4D,
				F50A179D0152C08701927C4D,
				F50A17DF0152C08701927C4D,
			);
			isa = PBXGroup;
			path = mpeg4;
			refType = 4;
			sourceTree = "<group>";
		};
		F5E8D3DF0145AF7101927C4D = {
			expectedFileType = file;
			fallbackIsa = PBXFileReference;
			fileEncoding = 30;
			isa = PBXExecutableFileReference;
			path = cpptocc.sh;
			refType = 4;
			sourceTree = "<group>";
		};
		F5E8D4970145B04301927C4D = {
			children = (
				F5E8D4980145B04301927C4D,
				F5E8D5610145B04301927C4D,
				F5E8D5800145B04301927C4D,
				F50A1AC00152CA5D01927C4D,
			);
			isa = PBXGroup;
			path = lib;
			refType = 4;
			sourceTree = "<group>";
		};
		F5E8D4980145B04301927C4D = {
			children = (
				F5E8D4990145B04301927C4D,
				F5E8D5010145B04301927C4D,
			);
			isa = PBXGroup;
			path = audio;
			refType = 4;
			sourceTree = "<group>";
		};
		F5E8D4990145B04301927C4D = {
			children = (
				F5E8D4D60145B04301927C4D,
			);
			isa = PBXGroup;
			path = faad;
			refType = 4;
			sourceTree = "<group>";
		};
		F5E8D4D60145B04301927C4D = {
			children = (
				F5E8D4D70145B04301927C4D,
			);
			isa = PBXGroup;
			path = .libs;
			refType = 4;
			sourceTree = "<group>";
		};
		F5E8D4D70145B04301927C4D = {
			expectedFileType = archive.ar;
			isa = PBXFileReference;
			path = libfaad.a;
			refType = 4;
			sourceTree = "<group>";
		};
		F5E8D5010145B04301927C4D = {
			children = (
				F5E8D5260145B04301927C4D,
			);
			isa = PBXGroup;
			path = mp3;
			refType = 4;
			sourceTree = "<group>";
		};
		F5E8D5260145B04301927C4D = {
			children = (
				F5E8D5270145B04301927C4D,
			);
			isa = PBXGroup;
			path = .libs;
			refType = 4;
			sourceTree = "<group>";
		};
		F5E8D5270145B04301927C4D = {
			expectedFileType = archive.ar;
			isa = PBXFileReference;
			path = libourmp3.a;
			refType = 4;
			sourceTree = "<group>";
		};
		F5E8D5610145B04301927C4D = {
			children = (
				F5E8D5730145B04301927C4D,
			);
			isa = PBXGroup;
			path = rtsp;
			refType = 4;
			sourceTree = "<group>";
		};
		F5E8D5730145B04301927C4D = {
			children = (
				F5E8D5740145B04301927C4D,
			);
			isa = PBXGroup;
			path = .libs;
			refType = 4;
			sourceTree = "<group>";
		};
		F5E8D5740145B04301927C4D = {
			expectedFileType = archive.ar;
			isa = PBXFileReference;
			path = librtsp.a;
			refType = 4;
			sourceTree = "<group>";
		};
		F5E8D5800145B04301927C4D = {
			children = (
				F5E8D5810145B04301927C4D,
			);
			isa = PBXGroup;
			path = video;
			refType = 4;
			sourceTree = "<group>";
		};
		F5E8D5810145B04301927C4D = {
			children = (
				F5E8D5B80145B04301927C4D,
			);
			isa = PBXGroup;
			path = divx;
			refType = 4;
			sourceTree = "<group>";
		};
		F5E8D5B80145B04301927C4D = {
			children = (
				F5E8D5B90145B04301927C4D,
			);
			isa = PBXGroup;
			path = .libs;
			refType = 4;
			sourceTree = "<group>";
		};
		F5E8D5B90145B04301927C4D = {
			expectedFileType = file;
			isa = PBXFileReference;
			path = libourdivx.a;
			refType = 4;
			sourceTree = "<group>";
		};
		F5E8D70C0145B22F01927C4D = {
			children = (
				F5E8D7290145B3E001927C4D,
			);
			isa = PBXGroup;
			path = avi;
			refType = 4;
			sourceTree = "<group>";
		};
		F5E8D70E0145B22F01927C4D = {
			children = (
				F5E8D70F0145B22F01927C4D,
			);
			isa = PBXGroup;
			path = bitstream;
			refType = 4;
			sourceTree = "<group>";
		};
		F5E8D70F0145B22F01927C4D = {
			children = (
				F5E8D7100145B22F01927C4D,
			);
			isa = PBXGroup;
			path = .libs;
			refType = 4;
			sourceTree = "<group>";
		};
		F5E8D7100145B22F01927C4D = {
			expectedFileType = archive.ar;
			isa = PBXFileReference;
			path = libbitstream.a;
			refType = 4;
			sourceTree = "<group>";
		};
		F5E8D7110145B22F01927C4D = {
			children = (
				F5E8D7120145B22F01927C4D,
			);
			isa = PBXGroup;
			path = config_file;
			refType = 4;
			sourceTree = "<group>";
		};
		F5E8D7120145B22F01927C4D = {
			children = (
				F5E8D7130145B22F01927C4D,
			);
			isa = PBXGroup;
			path = .libs;
			refType = 4;
			sourceTree = "<group>";
		};
		F5E8D7130145B22F01927C4D = {
			expectedFileType = archive.ar;
			isa = PBXFileReference;
			path = libconfig_file.a;
			refType = 4;
			sourceTree = "<group>";
		};
		F5E8D7140145B22F01927C4D = {
			children = (
				F5E8D7150145B22F01927C4D,
			);
			isa = PBXGroup;
			path = mp4;
			refType = 4;
			sourceTree = "<group>";
		};
		F5E8D7150145B22F01927C4D = {
			children = (
				F5E8D7160145B22F01927C4D,
			);
			isa = PBXGroup;
			path = .libs;
			refType = 4;
			sourceTree = "<group>";
		};
		F5E8D7160145B22F01927C4D = {
			expectedFileType = archive.ar;
			isa = PBXFileReference;
			path = libmp4.a;
			refType = 4;
			sourceTree = "<group>";
		};
		F5E8D7170145B22F01927C4D = {
			children = (
				F5E8D7180145B22F01927C4D,
			);
			isa = PBXGroup;
			path = msg_queue;
			refType = 4;
			sourceTree = "<group>";
		};
		F5E8D7180145B22F01927C4D = {
			children = (
				F5E8D7190145B22F01927C4D,
			);
			isa = PBXGroup;
			path = .libs;
			refType = 4;
			sourceTree = "<group>";
		};
		F5E8D7190145B22F01927C4D = {
			expectedFileType = archive.ar;
			isa = PBXFileReference;
			path = libmsg_queue.a;
			refType = 4;
			sourceTree = "<group>";
		};
		F5E8D71C0145B22F01927C4D = {
			children = (
				F5E8D71D0145B22F01927C4D,
			);
			isa = PBXGroup;
			path = sdp;
			refType = 4;
			sourceTree = "<group>";
		};
		F5E8D71D0145B22F01927C4D = {
			children = (
				F5E8D71E0145B22F01927C4D,
			);
			isa = PBXGroup;
			path = .libs;
			refType = 4;
			sourceTree = "<group>";
		};
		F5E8D71E0145B22F01927C4D = {
			expectedFileType = archive.ar;
			isa = PBXFileReference;
			path = libsdp.a;
			refType = 4;
			sourceTree = "<group>";
		};
		F5E8D7260145B2C001927C4D = {
			children = (
				F5E8C8BA0145A10101927C4D,
				F5E8C8BC0145A1E901927C4D,
				F5E8C8BD0145A1E901927C4D,
				F5E8C8BE0145A1E901927C4D,
				F5E8C8BF0145A1E901927C4D,
				F5E8C8C00145A1E901927C4D,
				F5E8C8C10145A1E901927C4D,
			);
			isa = PBXGroup;
			path = osx;
			refType = 4;
			sourceTree = "<group>";
		};
		F5E8D7290145B3E001927C4D = {
			children = (
				F5E8D72A0145B41101927C4D,
			);
			isa = PBXGroup;
			path = .libs;
			refType = 4;
			sourceTree = "<group>";
		};
		F5E8D72A0145B41101927C4D = {
			expectedFileType = archive.ar;
			isa = PBXFileReference;
			path = libavi.a;
			refType = 4;
			sourceTree = "<group>";
		};
		F5E8D72D0145B57001927C4D = {
			children = (
				F5E8D72E0145B57001927C4D,
			);
			isa = PBXVariantGroup;
			name = InfoPlist.strings;
			path = player/src/osx/English.lproj;
			refType = 4;
			sourceTree = "<group>";
		};
		F5E8D72E0145B57001927C4D = {
			expectedFileType = text.plist.strings;
			fileEncoding = 30;
			isa = PBXFileReference;
			name = English;
			path = InfoPlist.strings;
			refType = 4;
			sourceTree = "<group>";
		};
		F5E8D72F0145B57001927C4D = {
			fileRef = F5E8D72D0145B57001927C4D;
			isa = PBXBuildFile;
			settings = {
			};
		};
		F5E8D7340145D1BB01927C4D = {
			expectedFileType = sourcecode.cpp.cpp;
			fileEncoding = 30;
			isa = PBXFileReference;
			path = sync.cpp;
			refType = 4;
			sourceTree = "<group>";
		};
		F5E8D7380145D49401927C4D = {
			children = (
				4AD5DA000528A8C1003608A1,
				4AD5DA2D0528AB08003608A1,
				4AD5DA2F0528AB18003608A1,
				4AD5DA400528AE44003608A1,
				4AD5DA310528AB30003608A1,
				4AD5DA350528AC91003608A1,
				4AD5DA3E0528ADD2003608A1,
				4AD5DA330528AC30003608A1,
				4A3745BB0528B400003608A1,
				4AD5DA4F0528B04B003608A1,
				F5E8D3100145AE2B01927C4D,
				F5E8D3120145AE3801927C4D,
				F5E43B9B01A7507301FE0166,
				4AD5DA4B0528AF78003608A1,
				F5E43B9C01A7507301FE0166,
				4A3745C20528B6DF003608A1,
				4AD5DA440528AF01003608A1,
				4A3745C40528B744003608A1,
				4AD5DA4D0528AFCF003608A1,
				4A82771405336C28003608A1,
			);
			isa = PBXGroup;
			name = Frameworks;
			path = "";
			refType = 4;
			sourceTree = "<group>";
		};
		F5E8D7390145D49401927C4D = {
			children = (
				F5E8D72D0145B57001927C4D,
			);
			isa = PBXGroup;
			name = Resources;
			path = "";
			refType = 4;
			sourceTree = "<group>";
		};
		F5E8D73C0145D63801927C4D = {
			buildArgumentsString = $ACTION;
			buildPhases = (
			);
			buildSettings = {
				OTHER_CFLAGS = "";
				OTHER_LDFLAGS = "";
				OTHER_REZFLAGS = "";
				PRODUCT_NAME = mpeg4ip;
				SECTORDER_FLAGS = "";
				WARNING_CFLAGS = "-Wmost -Wno-four-char-constants -Wno-unknown-pragmas";
			};
			buildToolPath = /usr/bin/gnumake;
			buildWorkingDirectory = "";
			dependencies = (
				F5E8D73D0145D63801927C4D,
			);
			isa = PBXLegacyTarget;
			name = mpeg4ip;
			passBuildSettingsInEnvironment = 1;
			productName = mpeg4ip;
			settingsToExpand = 6;
			settingsToPassInEnvironment = 287;
			settingsToPassOnCommandLine = 280;
		};
		F5E8D73D0145D63801927C4D = {
			isa = PBXTargetDependency;
			target = F5E8D73E0145D63801927C4D;
			targetProxy = 9A1731990564378500D3D13B;
		};
		F5E8D73E0145D63801927C4D = {
			buildPhases = (
				F5E8D73F0145D63801927C4D,
			);
			buildSettings = {
				OTHER_CFLAGS = "";
				OTHER_LDFLAGS = "";
				OTHER_REZFLAGS = "";
				PRODUCT_NAME = Untitled;
				REZ_EXECUTABLE = YES;
				SECTORDER_FLAGS = "";
				WARNING_CFLAGS = "-Wmost -Wno-four-char-constants -Wno-unknown-pragmas";
			};
			dependencies = (
			);
			isa = PBXToolTarget;
			name = bootstrap;
			productInstallPath = /usr/local/bin;
			productName = Untitled;
			productReference = 9A49FA4105657F0D00A090D6;
		};
		F5E8D73F0145D63801927C4D = {
			buildActionMask = 2147483647;
			files = (
			);
			isa = PBXShellScriptBuildPhase;
			runOnlyForDeploymentPostprocessing = 0;
			shellPath = /bin/sh;
			shellScript = "PATH=/sw/bin:$PATH\nexport PATH\nexport CFLAGS='-g -fno-common -I/sw/include'\nexport CXXFLAGS='-g -fno-common -I/sw/include'\nexport CPPFLAGS='-g -fno-common -I/sw/include'\n\n[ -f .bootstrapped ] || (./bootstrap --disable-server --prefix=/tmp/test && patch -p0 --forward < .patch.OSX) || exit 1\ntouch .bootstrapped\n\nmkdir -p include\ntouch include/malloc.h\nmkdir -p common/video/mpeg4-2000/vtc/include\ntouch common/video/mpeg4-2000/vtc/include/malloc.h";
		};
		F5EF51B50152B7EE01927C4D = {
			isa = PBXTargetDependency;
			target = F5E8D73C0145D63801927C4D;
			targetProxy = 9A1731970564378500D3D13B;
		};
//F50
//F51
//F52
//F53
//F54
//F60
//F61
//F62
//F63
//F64
		F67D1EA3022ACFEB01476132 = {
			expectedFileType = archive.ar;
			isa = PBXFileReference;
			name = libuclmmbase.a;
			path = .libs/libuclmmbase.a;
			refType = 4;
			sourceTree = "<group>";
		};
	};
	rootObject = F5E8C8A601459D8901927C4D;
}
