// !$*UTF8*$!
{
	archiveVersion = 1;
	classes = {
	};
	objectVersion = 39;
	objects = {
		014CEA520018CE5811CA2923 = {
			buildRules = (
			);
			buildSettings = {
				COPY_PHASE_STRIP = NO;
				DEBUGGING_SYMBOLS = YES;
				GCC_DYNAMIC_NO_PIC = NO;
				GCC_ENABLE_FIX_AND_CONTINUE = YES;
				GCC_GENERATE_DEBUGGING_SYMBOLS = YES;
				GCC_OPTIMIZATION_LEVEL = 0;
				HEADER_SEARCH_PATHS = ".. ../.. ../../../lib ../../../.. ../../../../include ../../../../lib ../../../src ../../../../lib/mp4v2 ../../../../lib/sdp ../../../../lib/mp4av";
				LIBRARY_SEARCH_PATHS = ../../../../lib/gnu/build;
				OPTIMIZATION_CFLAGS = "-O0";
				OTHER_LDFLAGS = "-lxvid";
				ZERO_LINK = YES;
			};
			isa = PBXBuildStyle;
			name = Development;
		};
		014CEA530018CE5811CA2923 = {
			buildRules = (
			);
			buildSettings = {
				COPY_PHASE_STRIP = YES;
				GCC_ENABLE_FIX_AND_CONTINUE = NO;
				HEADER_SEARCH_PATHS = ".. ../.. ../../../lib ../../../.. ../../../../include ../../../../lib ../../../src ../../../../lib/mp4v2 ../../../../lib/sdp ../../../../lib/mp4av";
				LIBRARY_SEARCH_PATHS = ../../../../lib/gnu/build;
				OTHER_LDFLAGS = "-lxvid";
				ZERO_LINK = NO;
			};
			isa = PBXBuildStyle;
			name = Deployment;
		};
//010
//011
//012
//013
//014
//080
//081
//082
//083
//084
		08FB7793FE84155DC02AAC07 = {
			buildSettings = {
			};
			buildStyles = (
				014CEA520018CE5811CA2923,
				014CEA530018CE5811CA2923,
			);
			hasScannedForEncodings = 1;
			isa = PBXProject;
			mainGroup = 08FB7794FE84155DC02AAC07;
			projectDirPath = "";
			projectReferences = (
				{
					ProductGroup = 9B0CE90B05E7CC7600A7B6E4;
					ProjectRef = 9B0CE90905E7CC7600A7B6E4;
				},
				{
					ProductGroup = 9B0CE8FF05E7CC4400A7B6E4;
					ProjectRef = 9B0CE8FD05E7CC4400A7B6E4;
				},
				{
					ProductGroup = 9B0CE90305E7CC5100A7B6E4;
					ProjectRef = 9B0CE90105E7CC5100A7B6E4;
				},
				{
					ProductGroup = 9B0CE90705E7CC6100A7B6E4;
					ProjectRef = 9B0CE90505E7CC6100A7B6E4;
				},
				{
					ProductGroup = 9BAF72EE05E7DCA5002DF00E;
					ProjectRef = 9BAF72EB05E7DCA5002DF00E;
				},
			);
			targets = (
				D2AAC0620554660B00DB518D,
			);
		};
		08FB7794FE84155DC02AAC07 = {
			children = (
				9BAF72EB05E7DCA5002DF00E,
				9B0CE90905E7CC7600A7B6E4,
				9B0CE90505E7CC6100A7B6E4,
				9B0CE90105E7CC5100A7B6E4,
				9B0CE8FD05E7CC4400A7B6E4,
				08FB7795FE84155DC02AAC07,
				1AB674ADFE9D54B511CA2CBB,
			);
			isa = PBXGroup;
			name = xvid_plugin;
			refType = 4;
			sourceTree = "<group>";
		};
		08FB7795FE84155DC02AAC07 = {
			children = (
				9B0CE8F705E7CC3500A7B6E4,
				9B0CE8F805E7CC3500A7B6E4,
				9B0CE8F905E7CC3500A7B6E4,
			);
			isa = PBXGroup;
			name = Source;
			refType = 4;
			sourceTree = "<group>";
		};
//080
//081
//082
//083
//084
//1A0
//1A1
//1A2
//1A3
//1A4
		1AB674ADFE9D54B511CA2CBB = {
			children = (
				D2AAC0630554660B00DB518D,
			);
			isa = PBXGroup;
			name = Products;
			refType = 4;
			sourceTree = "<group>";
		};
//1A0
//1A1
//1A2
//1A3
//1A4
//9B0
//9B1
//9B2
//9B3
//9B4
		9B0CE8F705E7CC3500A7B6E4 = {
			fileEncoding = 30;
			isa = PBXFileReference;
			lastKnownFileType = sourcecode.cpp.cpp;
			path = ourxvid.cpp;
			refType = 2;
			sourceTree = SOURCE_ROOT;
		};
		9B0CE8F805E7CC3500A7B6E4 = {
			fileEncoding = 30;
			isa = PBXFileReference;
			lastKnownFileType = sourcecode.c.h;
			path = ourxvid.h;
			refType = 2;
			sourceTree = SOURCE_ROOT;
		};
		9B0CE8F905E7CC3500A7B6E4 = {
			fileEncoding = 30;
			isa = PBXFileReference;
			lastKnownFileType = sourcecode.cpp.cpp;
			path = xvid_file.cpp;
			refType = 2;
			sourceTree = SOURCE_ROOT;
		};
		9B0CE8FA05E7CC3500A7B6E4 = {
			fileRef = 9B0CE8F705E7CC3500A7B6E4;
			isa = PBXBuildFile;
			settings = {
			};
		};
		9B0CE8FB05E7CC3500A7B6E4 = {
			fileRef = 9B0CE8F805E7CC3500A7B6E4;
			isa = PBXBuildFile;
			settings = {
			};
		};
		9B0CE8FC05E7CC3500A7B6E4 = {
			fileRef = 9B0CE8F905E7CC3500A7B6E4;
			isa = PBXBuildFile;
			settings = {
			};
		};
		9B0CE8FD05E7CC4400A7B6E4 = {
			isa = PBXFileReference;
			lastKnownFileType = "wrapper.pb-project";
			name = libfposrec.xcode;
			path = ../../../../lib/fposrec/libfposrec.xcode;
			refType = 2;
			sourceTree = SOURCE_ROOT;
		};
		9B0CE8FF05E7CC4400A7B6E4 = {
			children = (
				9B0CE90005E7CC4400A7B6E4,
			);
			isa = PBXGroup;
			name = Products;
			refType = 4;
			sourceTree = "<group>";
		};
		9B0CE90005E7CC4400A7B6E4 = {
			fileType = "compiled.mach-o.dylib";
			isa = PBXReferenceProxy;
			path = libfposrec.dylib;
			refType = 3;
			remoteRef = 9B0CE91105E7CC9500A7B6E4;
			sourceTree = BUILT_PRODUCTS_DIR;
		};
		9B0CE90105E7CC5100A7B6E4 = {
			isa = PBXFileReference;
			lastKnownFileType = "wrapper.pb-project";
			name = gnu.xcode;
			path = ../../../../lib/gnu/gnu.xcode;
			refType = 2;
			sourceTree = SOURCE_ROOT;
		};
		9B0CE90305E7CC5100A7B6E4 = {
			children = (
				9B0CE90405E7CC5100A7B6E4,
			);
			isa = PBXGroup;
			name = Products;
			refType = 4;
			sourceTree = "<group>";
		};
		9B0CE90405E7CC5100A7B6E4 = {
			fileType = archive.ar;
			isa = PBXReferenceProxy;
			path = libgnu.a;
			refType = 3;
			remoteRef = 9B0CE90F05E7CC9500A7B6E4;
			sourceTree = BUILT_PRODUCTS_DIR;
		};
		9B0CE90505E7CC6100A7B6E4 = {
			isa = PBXFileReference;
			lastKnownFileType = "wrapper.pb-project";
			name = libmp4av.xcode;
			path = ../../../../lib/mp4av/libmp4av.xcode;
			refType = 2;
			sourceTree = SOURCE_ROOT;
		};
		9B0CE90705E7CC6100A7B6E4 = {
			children = (
				9B0CE90805E7CC6100A7B6E4,
			);
			isa = PBXGroup;
			name = Products;
			refType = 4;
			sourceTree = "<group>";
		};
		9B0CE90805E7CC6100A7B6E4 = {
			fileType = "compiled.mach-o.dylib";
			isa = PBXReferenceProxy;
			path = libmp4av.dylib;
			refType = 3;
			remoteRef = 9B0CE91205E7CC9500A7B6E4;
			sourceTree = BUILT_PRODUCTS_DIR;
		};
		9B0CE90905E7CC7600A7B6E4 = {
			isa = PBXFileReference;
			lastKnownFileType = "wrapper.pb-project";
			name = libsdp.xcode;
			path = ../../../../lib/sdp/libsdp.xcode;
			refType = 2;
			sourceTree = SOURCE_ROOT;
		};
		9B0CE90B05E7CC7600A7B6E4 = {
			children = (
				9B0CE90C05E7CC7600A7B6E4,
			);
			isa = PBXGroup;
			name = Products;
			refType = 4;
			sourceTree = "<group>";
		};
		9B0CE90C05E7CC7600A7B6E4 = {
			fileType = "compiled.mach-o.dylib";
			isa = PBXReferenceProxy;
			path = libsdp.dylib;
			refType = 3;
			remoteRef = 9B0CE91005E7CC9500A7B6E4;
			sourceTree = BUILT_PRODUCTS_DIR;
		};
		9B0CE90F05E7CC9500A7B6E4 = {
			containerPortal = 9B0CE90105E7CC5100A7B6E4;
			isa = PBXContainerItemProxy;
			proxyType = 2;
			remoteGlobalIDString = D2AAC046055464E500DB518D;
			remoteInfo = gnu;
		};
		9B0CE91005E7CC9500A7B6E4 = {
			containerPortal = 9B0CE90905E7CC7600A7B6E4;
			isa = PBXContainerItemProxy;
			proxyType = 2;
			remoteGlobalIDString = D2AAC0630554660B00DB518D;
			remoteInfo = libsdp;
		};
		9B0CE91105E7CC9500A7B6E4 = {
			containerPortal = 9B0CE8FD05E7CC4400A7B6E4;
			isa = PBXContainerItemProxy;
			proxyType = 2;
			remoteGlobalIDString = D2AAC0630554660B00DB518D;
			remoteInfo = libfposrec;
		};
		9B0CE91205E7CC9500A7B6E4 = {
			containerPortal = 9B0CE90505E7CC6100A7B6E4;
			isa = PBXContainerItemProxy;
			proxyType = 2;
			remoteGlobalIDString = D2AAC0630554660B00DB518D;
			remoteInfo = libmp4av;
		};
		9B0CE91605E7CD3D00A7B6E4 = {
			buildActionMask = 2147483647;
			files = (
				9BAF72F305E7DCB5002DF00E,
				9B0CE91C05E7CD5C00A7B6E4,
				9B0CE91B05E7CD5700A7B6E4,
				9B0CE91A05E7CD5300A7B6E4,
				9B0CE91905E7CD4600A7B6E4,
			);
			isa = PBXFrameworksBuildPhase;
			runOnlyForDeploymentPostprocessing = 0;
		};
		9B0CE91905E7CD4600A7B6E4 = {
			fileRef = 9B0CE90005E7CC4400A7B6E4;
			isa = PBXBuildFile;
			settings = {
			};
		};
		9B0CE91A05E7CD5300A7B6E4 = {
			fileRef = 9B0CE90405E7CC5100A7B6E4;
			isa = PBXBuildFile;
			settings = {
			};
		};
		9B0CE91B05E7CD5700A7B6E4 = {
			fileRef = 9B0CE90805E7CC6100A7B6E4;
			isa = PBXBuildFile;
			settings = {
			};
		};
		9B0CE91C05E7CD5C00A7B6E4 = {
			fileRef = 9B0CE90C05E7CC7600A7B6E4;
			isa = PBXBuildFile;
			settings = {
			};
		};
		9BAF72EB05E7DCA5002DF00E = {
			isa = PBXFileReference;
			lastKnownFileType = "wrapper.pb-project";
			name = libmp4util.xcode;
			path = ../../../lib/mp4util/libmp4util.xcode;
			refType = 2;
			sourceTree = SOURCE_ROOT;
		};
		9BAF72EE05E7DCA5002DF00E = {
			children = (
				9BAF72EF05E7DCA5002DF00E,
			);
			isa = PBXGroup;
			name = Products;
			refType = 4;
			sourceTree = "<group>";
		};
		9BAF72EF05E7DCA5002DF00E = {
			fileType = "compiled.mach-o.dylib";
			isa = PBXReferenceProxy;
			path = libmp4util.dylib;
			refType = 3;
			remoteRef = 9BAF72F405E7DCBA002DF00E;
			sourceTree = BUILT_PRODUCTS_DIR;
		};
		9BAF72F305E7DCB5002DF00E = {
			fileRef = 9BAF72EF05E7DCA5002DF00E;
			isa = PBXBuildFile;
			settings = {
			};
		};
		9BAF72F405E7DCBA002DF00E = {
			containerPortal = 9BAF72EB05E7DCA5002DF00E;
			isa = PBXContainerItemProxy;
			proxyType = 2;
			remoteGlobalIDString = D2AAC0630554660B00DB518D;
			remoteInfo = libmp4util;
		};
		9BAF72FC05E7DD3D002DF00E = {
			buildActionMask = 2147483647;
			dstPath = /usr/local/lib/mp4player_plugin;
			dstSubfolderSpec = 0;
			files = (
				9BAF72FE05E7DD57002DF00E,
			);
			isa = PBXCopyFilesBuildPhase;
			runOnlyForDeploymentPostprocessing = 0;
		};
		9BAF72FE05E7DD57002DF00E = {
			fileRef = D2AAC0630554660B00DB518D;
			isa = PBXBuildFile;
			settings = {
			};
		};
//9B0
//9B1
//9B2
//9B3
//9B4
//D20
//D21
//D22
//D23
//D24
		D2AAC0600554660B00DB518D = {
			buildActionMask = 2147483647;
			files = (
				9B0CE8FB05E7CC3500A7B6E4,
			);
			isa = PBXHeadersBuildPhase;
			runOnlyForDeploymentPostprocessing = 0;
		};
		D2AAC0610554660B00DB518D = {
			buildActionMask = 2147483647;
			files = (
				9B0CE8FA05E7CC3500A7B6E4,
				9B0CE8FC05E7CC3500A7B6E4,
			);
			isa = PBXSourcesBuildPhase;
			runOnlyForDeploymentPostprocessing = 0;
		};
		D2AAC0620554660B00DB518D = {
			buildPhases = (
				D2AAC0600554660B00DB518D,
				D2AAC0610554660B00DB518D,
				9B0CE91605E7CD3D00A7B6E4,
				9BAF72FC05E7DD3D002DF00E,
			);
			buildRules = (
			);
			buildSettings = {
				DYLIB_COMPATIBILITY_VERSION = 1;
				DYLIB_CURRENT_VERSION = 1;
				GCC_WARN_FOUR_CHARACTER_CONSTANTS = NO;
				GCC_WARN_UNKNOWN_PRAGMAS = NO;
				INSTALL_PATH = /usr/local/lib;
				LIBRARY_STYLE = DYNAMIC;
				OTHER_CFLAGS = "";
				OTHER_LDFLAGS = "";
				OTHER_REZFLAGS = "";
				PRODUCT_NAME = xvid_plugin;
				SECTORDER_FLAGS = "";
				WARNING_CFLAGS = "-Wmost";
			};
			dependencies = (
			);
			isa = PBXNativeTarget;
			name = xvid_plugin;
			productName = xvid_plugin;
			productReference = D2AAC0630554660B00DB518D;
			productType = "com.apple.product-type.library.dynamic";
		};
		D2AAC0630554660B00DB518D = {
			explicitFileType = "compiled.mach-o.dylib";
			includeInIndex = 0;
			isa = PBXFileReference;
			path = xvid_plugin.dylib;
			refType = 3;
			sourceTree = BUILT_PRODUCTS_DIR;
		};
	};
	rootObject = 08FB7793FE84155DC02AAC07;
}
