// !$*UTF8*$!
{
	archiveVersion = 1;
	classes = {
	};
	objectVersion = 39;
	objects = {
		014CEA520018CE5811CA2923 = {
			buildRules = (
			);
			buildSettings = {
				COPY_PHASE_STRIP = NO;
				DEBUGGING_SYMBOLS = YES;
				GCC_DYNAMIC_NO_PIC = NO;
				GCC_ENABLE_FIX_AND_CONTINUE = YES;
				GCC_GENERATE_DEBUGGING_SYMBOLS = YES;
				GCC_OPTIMIZATION_LEVEL = 0;
				OPTIMIZATION_CFLAGS = "-O0";
				ZERO_LINK = NO;
			};
			isa = PBXBuildStyle;
			name = Development;
		};
		014CEA530018CE5811CA2923 = {
			buildRules = (
			);
			buildSettings = {
				COPY_PHASE_STRIP = YES;
				GCC_ENABLE_FIX_AND_CONTINUE = NO;
				GCC_WARN_CHECK_SWITCH_STATEMENTS = YES;
				GCC_WARN_MISSING_PARENTHESES = YES;
				GCC_WARN_SIGN_COMPARE = YES;
				GCC_WARN_TYPECHECK_CALLS_TO_PRINTF = YES;
				GCC_WARN_UNINITIALIZED_AUTOS = YES;
				GCC_WARN_UNKNOWN_PRAGMAS = YES;
				GCC_WARN_UNUSED_FUNCTION = YES;
				GCC_WARN_UNUSED_LABEL = YES;
				GCC_WARN_UNUSED_PARAMETER = NO;
				GCC_WARN_UNUSED_VALUE = YES;
				GCC_WARN_UNUSED_VARIABLE = YES;
				OTHER_CFLAGS = "-DDEBUG";
				ZERO_LINK = NO;
			};
			isa = PBXBuildStyle;
			name = Deployment;
		};
//010
//011
//012
//013
//014
//080
//081
//082
//083
//084
		08FB7793FE84155DC02AAC07 = {
			buildSettings = {
			};
			buildStyles = (
				014CEA520018CE5811CA2923,
				014CEA530018CE5811CA2923,
			);
			hasScannedForEncodings = 1;
			isa = PBXProject;
			mainGroup = 08FB7794FE84155DC02AAC07;
			projectDirPath = "";
			targets = (
				D2AAC0620554660B00DB518D,
			);
		};
		08FB7794FE84155DC02AAC07 = {
			children = (
				08FB7795FE84155DC02AAC07,
				1AB674ADFE9D54B511CA2CBB,
			);
			isa = PBXGroup;
			name = libuclrtp;
			refType = 4;
			sourceTree = "<group>";
		};
		08FB7795FE84155DC02AAC07 = {
			children = (
				9B946AD605E6D3A300CD7CF1,
				9B946AD705E6D3A300CD7CF1,
				9B946AD205E6D38900CD7CF1,
				9B946AD305E6D38900CD7CF1,
				9B946ACE05E6D36800CD7CF1,
				9B946ACF05E6D36800CD7CF1,
				9B946AC605E6D34200CD7CF1,
				9B946AC705E6D34200CD7CF1,
				9B946AC805E6D34200CD7CF1,
				9B946AC905E6D34200CD7CF1,
				9B946AC205E6D31C00CD7CF1,
				9B946AC305E6D31C00CD7CF1,
				9B946ABA05E6D2EA00CD7CF1,
				9B946ABB05E6D2EA00CD7CF1,
				9B946ABC05E6D2EA00CD7CF1,
				9B946ABD05E6D2EA00CD7CF1,
				9B946A9605E6D28200CD7CF1,
				9B946A9705E6D28200CD7CF1,
				9B946A9805E6D28200CD7CF1,
				9B946A9905E6D28200CD7CF1,
				9B946A9B05E6D28200CD7CF1,
				9B946A9C05E6D28200CD7CF1,
				9B946A9D05E6D28200CD7CF1,
				9B946A9E05E6D28200CD7CF1,
				9B946A9F05E6D28200CD7CF1,
				9B946AA005E6D28200CD7CF1,
				9B946AA105E6D28200CD7CF1,
				9B946AA205E6D28200CD7CF1,
				9B946AA305E6D28200CD7CF1,
				9B946AA405E6D28200CD7CF1,
				9B946AA505E6D28200CD7CF1,
				9B946AA605E6D28200CD7CF1,
				9B946AA705E6D28200CD7CF1,
			);
			isa = PBXGroup;
			name = Source;
			refType = 4;
			sourceTree = "<group>";
		};
//080
//081
//082
//083
//084
//1A0
//1A1
//1A2
//1A3
//1A4
		1AB674ADFE9D54B511CA2CBB = {
			children = (
				D2AAC0630554660B00DB518D,
			);
			isa = PBXGroup;
			name = Products;
			refType = 4;
			sourceTree = "<group>";
		};
//1A0
//1A1
//1A2
//1A3
//1A4
//9B0
//9B1
//9B2
//9B3
//9B4
		9B946A9605E6D28200CD7CF1 = {
			fileEncoding = 30;
			isa = PBXFileReference;
			lastKnownFileType = sourcecode.c.h;
			path = addrinfo.h;
			refType = 2;
			sourceTree = SOURCE_ROOT;
		};
		9B946A9705E6D28200CD7CF1 = {
			fileEncoding = 30;
			isa = PBXFileReference;
			lastKnownFileType = sourcecode.c.h;
			path = addrsize.h;
			refType = 2;
			sourceTree = SOURCE_ROOT;
		};
		9B946A9805E6D28200CD7CF1 = {
			fileEncoding = 30;
			isa = PBXFileReference;
			lastKnownFileType = sourcecode.c.h;
			path = config_unix.h;
			refType = 2;
			sourceTree = SOURCE_ROOT;
		};
		9B946A9905E6D28200CD7CF1 = {
			fileEncoding = 30;
			isa = PBXFileReference;
			lastKnownFileType = sourcecode.c.h;
			path = config_win32.h;
			refType = 2;
			sourceTree = SOURCE_ROOT;
		};
		9B946A9B05E6D28200CD7CF1 = {
			fileEncoding = 30;
			isa = PBXFileReference;
			lastKnownFileType = sourcecode.c.c;
			path = gettimeofday.c;
			refType = 2;
			sourceTree = SOURCE_ROOT;
		};
		9B946A9C05E6D28200CD7CF1 = {
			fileEncoding = 30;
			isa = PBXFileReference;
			lastKnownFileType = sourcecode.c.h;
			path = gettimeofday.h;
			refType = 2;
			sourceTree = SOURCE_ROOT;
		};
		9B946A9D05E6D28200CD7CF1 = {
			fileEncoding = 30;
			isa = PBXFileReference;
			lastKnownFileType = sourcecode.c.c;
			path = inet_ntop.c;
			refType = 2;
			sourceTree = SOURCE_ROOT;
		};
		9B946A9E05E6D28200CD7CF1 = {
			fileEncoding = 30;
			isa = PBXFileReference;
			lastKnownFileType = sourcecode.c.h;
			path = inet_ntop.h;
			refType = 2;
			sourceTree = SOURCE_ROOT;
		};
		9B946A9F05E6D28200CD7CF1 = {
			fileEncoding = 30;
			isa = PBXFileReference;
			lastKnownFileType = sourcecode.c.c;
			path = inet_pton.c;
			refType = 2;
			sourceTree = SOURCE_ROOT;
		};
		9B946AA005E6D28200CD7CF1 = {
			fileEncoding = 30;
			isa = PBXFileReference;
			lastKnownFileType = sourcecode.c.h;
			path = inet_pton.h;
			refType = 2;
			sourceTree = SOURCE_ROOT;
		};
		9B946AA105E6D28200CD7CF1 = {
			fileEncoding = 30;
			isa = PBXFileReference;
			lastKnownFileType = sourcecode.c.c;
			path = net_udp.c;
			refType = 2;
			sourceTree = SOURCE_ROOT;
		};
		9B946AA205E6D28200CD7CF1 = {
			fileEncoding = 30;
			isa = PBXFileReference;
			lastKnownFileType = sourcecode.c.h;
			path = net_udp.h;
			refType = 2;
			sourceTree = SOURCE_ROOT;
		};
		9B946AA305E6D28200CD7CF1 = {
			fileEncoding = 30;
			isa = PBXFileReference;
			lastKnownFileType = sourcecode.c.c;
			path = rtp.c;
			refType = 2;
			sourceTree = SOURCE_ROOT;
		};
		9B946AA405E6D28200CD7CF1 = {
			fileEncoding = 30;
			isa = PBXFileReference;
			lastKnownFileType = sourcecode.c.h;
			path = rtp.h;
			refType = 2;
			sourceTree = SOURCE_ROOT;
		};
		9B946AA505E6D28200CD7CF1 = {
			fileEncoding = 30;
			isa = PBXFileReference;
			lastKnownFileType = sourcecode.c.h;
			path = uclconf.h;
			refType = 2;
			sourceTree = SOURCE_ROOT;
		};
		9B946AA605E6D28200CD7CF1 = {
			fileEncoding = 30;
			isa = PBXFileReference;
			lastKnownFileType = sourcecode.c.c;
			path = util.c;
			refType = 2;
			sourceTree = SOURCE_ROOT;
		};
		9B946AA705E6D28200CD7CF1 = {
			fileEncoding = 30;
			isa = PBXFileReference;
			lastKnownFileType = sourcecode.c.h;
			path = util.h;
			refType = 2;
			sourceTree = SOURCE_ROOT;
		};
		9B946AA805E6D28200CD7CF1 = {
			fileRef = 9B946A9605E6D28200CD7CF1;
			isa = PBXBuildFile;
			settings = {
			};
		};
		9B946AA905E6D28200CD7CF1 = {
			fileRef = 9B946A9705E6D28200CD7CF1;
			isa = PBXBuildFile;
			settings = {
			};
		};
		9B946AAA05E6D28200CD7CF1 = {
			fileRef = 9B946A9805E6D28200CD7CF1;
			isa = PBXBuildFile;
			settings = {
			};
		};
		9B946AAB05E6D28200CD7CF1 = {
			fileRef = 9B946A9905E6D28200CD7CF1;
			isa = PBXBuildFile;
			settings = {
			};
		};
		9B946AAD05E6D28200CD7CF1 = {
			fileRef = 9B946A9B05E6D28200CD7CF1;
			isa = PBXBuildFile;
			settings = {
			};
		};
		9B946AAE05E6D28200CD7CF1 = {
			fileRef = 9B946A9C05E6D28200CD7CF1;
			isa = PBXBuildFile;
			settings = {
			};
		};
		9B946AAF05E6D28200CD7CF1 = {
			fileRef = 9B946A9D05E6D28200CD7CF1;
			isa = PBXBuildFile;
			settings = {
			};
		};
		9B946AB005E6D28200CD7CF1 = {
			fileRef = 9B946A9E05E6D28200CD7CF1;
			isa = PBXBuildFile;
			settings = {
			};
		};
		9B946AB105E6D28200CD7CF1 = {
			fileRef = 9B946A9F05E6D28200CD7CF1;
			isa = PBXBuildFile;
			settings = {
			};
		};
		9B946AB205E6D28200CD7CF1 = {
			fileRef = 9B946AA005E6D28200CD7CF1;
			isa = PBXBuildFile;
			settings = {
			};
		};
		9B946AB305E6D28200CD7CF1 = {
			fileRef = 9B946AA105E6D28200CD7CF1;
			isa = PBXBuildFile;
			settings = {
			};
		};
		9B946AB405E6D28200CD7CF1 = {
			fileRef = 9B946AA205E6D28200CD7CF1;
			isa = PBXBuildFile;
			settings = {
			};
		};
		9B946AB505E6D28200CD7CF1 = {
			fileRef = 9B946AA305E6D28200CD7CF1;
			isa = PBXBuildFile;
			settings = {
			};
		};
		9B946AB605E6D28200CD7CF1 = {
			fileRef = 9B946AA405E6D28200CD7CF1;
			isa = PBXBuildFile;
			settings = {
			};
		};
		9B946AB705E6D28200CD7CF1 = {
			fileRef = 9B946AA505E6D28200CD7CF1;
			isa = PBXBuildFile;
			settings = {
			};
		};
		9B946AB805E6D28200CD7CF1 = {
			fileRef = 9B946AA605E6D28200CD7CF1;
			isa = PBXBuildFile;
			settings = {
			};
		};
		9B946AB905E6D28200CD7CF1 = {
			fileRef = 9B946AA705E6D28200CD7CF1;
			isa = PBXBuildFile;
			settings = {
			};
		};
		9B946ABA05E6D2EA00CD7CF1 = {
			fileEncoding = 30;
			isa = PBXFileReference;
			lastKnownFileType = sourcecode.c.c;
			path = md5.c;
			refType = 2;
			sourceTree = SOURCE_ROOT;
		};
		9B946ABB05E6D2EA00CD7CF1 = {
			fileEncoding = 30;
			isa = PBXFileReference;
			lastKnownFileType = sourcecode.c.h;
			path = md5.h;
			refType = 2;
			sourceTree = SOURCE_ROOT;
		};
		9B946ABC05E6D2EA00CD7CF1 = {
			fileEncoding = 30;
			isa = PBXFileReference;
			lastKnownFileType = sourcecode.c.c;
			path = memory.c;
			refType = 2;
			sourceTree = SOURCE_ROOT;
		};
		9B946ABD05E6D2EA00CD7CF1 = {
			fileEncoding = 30;
			isa = PBXFileReference;
			lastKnownFileType = sourcecode.c.h;
			path = memory.h;
			refType = 2;
			sourceTree = SOURCE_ROOT;
		};
		9B946ABE05E6D2EA00CD7CF1 = {
			fileRef = 9B946ABA05E6D2EA00CD7CF1;
			isa = PBXBuildFile;
			settings = {
			};
		};
		9B946ABF05E6D2EA00CD7CF1 = {
			fileRef = 9B946ABB05E6D2EA00CD7CF1;
			isa = PBXBuildFile;
			settings = {
			};
		};
		9B946AC005E6D2EA00CD7CF1 = {
			fileRef = 9B946ABC05E6D2EA00CD7CF1;
			isa = PBXBuildFile;
			settings = {
			};
		};
		9B946AC105E6D2EA00CD7CF1 = {
			fileRef = 9B946ABD05E6D2EA00CD7CF1;
			isa = PBXBuildFile;
			settings = {
			};
		};
		9B946AC205E6D31C00CD7CF1 = {
			fileEncoding = 30;
			isa = PBXFileReference;
			lastKnownFileType = sourcecode.c.c;
			path = debug.c;
			refType = 2;
			sourceTree = SOURCE_ROOT;
		};
		9B946AC305E6D31C00CD7CF1 = {
			fileEncoding = 30;
			isa = PBXFileReference;
			lastKnownFileType = sourcecode.c.h;
			path = debug.h;
			refType = 2;
			sourceTree = SOURCE_ROOT;
		};
		9B946AC405E6D31C00CD7CF1 = {
			fileRef = 9B946AC205E6D31C00CD7CF1;
			isa = PBXBuildFile;
			settings = {
			};
		};
		9B946AC505E6D31C00CD7CF1 = {
			fileRef = 9B946AC305E6D31C00CD7CF1;
			isa = PBXBuildFile;
			settings = {
			};
		};
		9B946AC605E6D34200CD7CF1 = {
			fileEncoding = 30;
			isa = PBXFileReference;
			lastKnownFileType = sourcecode.c.c;
			path = "rijndael-alg-fst.c";
			refType = 2;
			sourceTree = SOURCE_ROOT;
		};
		9B946AC705E6D34200CD7CF1 = {
			fileEncoding = 30;
			isa = PBXFileReference;
			lastKnownFileType = sourcecode.c.h;
			path = "rijndael-alg-fst.h";
			refType = 2;
			sourceTree = SOURCE_ROOT;
		};
		9B946AC805E6D34200CD7CF1 = {
			fileEncoding = 30;
			isa = PBXFileReference;
			lastKnownFileType = sourcecode.c.c;
			path = "rijndael-api-fst.c";
			refType = 2;
			sourceTree = SOURCE_ROOT;
		};
		9B946AC905E6D34200CD7CF1 = {
			fileEncoding = 30;
			isa = PBXFileReference;
			lastKnownFileType = sourcecode.c.h;
			path = "rijndael-api-fst.h";
			refType = 2;
			sourceTree = SOURCE_ROOT;
		};
		9B946ACA05E6D34200CD7CF1 = {
			fileRef = 9B946AC605E6D34200CD7CF1;
			isa = PBXBuildFile;
			settings = {
			};
		};
		9B946ACB05E6D34200CD7CF1 = {
			fileRef = 9B946AC705E6D34200CD7CF1;
			isa = PBXBuildFile;
			settings = {
			};
		};
		9B946ACC05E6D34200CD7CF1 = {
			fileRef = 9B946AC805E6D34200CD7CF1;
			isa = PBXBuildFile;
			settings = {
			};
		};
		9B946ACD05E6D34200CD7CF1 = {
			fileRef = 9B946AC905E6D34200CD7CF1;
			isa = PBXBuildFile;
			settings = {
			};
		};
		9B946ACE05E6D36800CD7CF1 = {
			fileEncoding = 30;
			isa = PBXFileReference;
			lastKnownFileType = sourcecode.c.c;
			path = crypt_random.c;
			refType = 2;
			sourceTree = SOURCE_ROOT;
		};
		9B946ACF05E6D36800CD7CF1 = {
			fileEncoding = 30;
			isa = PBXFileReference;
			lastKnownFileType = sourcecode.c.h;
			path = crypt_random.h;
			refType = 2;
			sourceTree = SOURCE_ROOT;
		};
		9B946AD005E6D36800CD7CF1 = {
			fileRef = 9B946ACE05E6D36800CD7CF1;
			isa = PBXBuildFile;
			settings = {
			};
		};
		9B946AD105E6D36800CD7CF1 = {
			fileRef = 9B946ACF05E6D36800CD7CF1;
			isa = PBXBuildFile;
			settings = {
			};
		};
		9B946AD205E6D38900CD7CF1 = {
			fileEncoding = 30;
			isa = PBXFileReference;
			lastKnownFileType = sourcecode.c.c;
			path = ntp.c;
			refType = 2;
			sourceTree = SOURCE_ROOT;
		};
		9B946AD305E6D38900CD7CF1 = {
			fileEncoding = 30;
			isa = PBXFileReference;
			lastKnownFileType = sourcecode.c.h;
			path = ntp.h;
			refType = 2;
			sourceTree = SOURCE_ROOT;
		};
		9B946AD405E6D38900CD7CF1 = {
			fileRef = 9B946AD205E6D38900CD7CF1;
			isa = PBXBuildFile;
			settings = {
			};
		};
		9B946AD505E6D38900CD7CF1 = {
			fileRef = 9B946AD305E6D38900CD7CF1;
			isa = PBXBuildFile;
			settings = {
			};
		};
		9B946AD605E6D3A300CD7CF1 = {
			fileEncoding = 30;
			isa = PBXFileReference;
			lastKnownFileType = sourcecode.c.c;
			path = qfDES.c;
			refType = 2;
			sourceTree = SOURCE_ROOT;
		};
		9B946AD705E6D3A300CD7CF1 = {
			fileEncoding = 30;
			isa = PBXFileReference;
			lastKnownFileType = sourcecode.c.h;
			path = qfDES.h;
			refType = 2;
			sourceTree = SOURCE_ROOT;
		};
		9B946AD805E6D3A300CD7CF1 = {
			fileRef = 9B946AD605E6D3A300CD7CF1;
			isa = PBXBuildFile;
			settings = {
			};
		};
		9B946AD905E6D3A300CD7CF1 = {
			fileRef = 9B946AD705E6D3A300CD7CF1;
			isa = PBXBuildFile;
			settings = {
			};
		};
		9B946ADB05E6D45400CD7CF1 = {
			buildActionMask = 2147483647;
			dstPath = /usr/local/lib;
			dstSubfolderSpec = 0;
			files = (
			);
			isa = PBXCopyFilesBuildPhase;
			runOnlyForDeploymentPostprocessing = 0;
		};
//9B0
//9B1
//9B2
//9B3
//9B4
//D20
//D21
//D22
//D23
//D24
		D2AAC0600554660B00DB518D = {
			buildActionMask = 2147483647;
			files = (
				9B946AA805E6D28200CD7CF1,
				9B946AA905E6D28200CD7CF1,
				9B946AAA05E6D28200CD7CF1,
				9B946AAB05E6D28200CD7CF1,
				9B946AAE05E6D28200CD7CF1,
				9B946AB005E6D28200CD7CF1,
				9B946AB205E6D28200CD7CF1,
				9B946AB405E6D28200CD7CF1,
				9B946AB605E6D28200CD7CF1,
				9B946AB705E6D28200CD7CF1,
				9B946AB905E6D28200CD7CF1,
				9B946ABF05E6D2EA00CD7CF1,
				9B946AC105E6D2EA00CD7CF1,
				9B946AC505E6D31C00CD7CF1,
				9B946ACB05E6D34200CD7CF1,
				9B946ACD05E6D34200CD7CF1,
				9B946AD105E6D36800CD7CF1,
				9B946AD505E6D38900CD7CF1,
				9B946AD905E6D3A300CD7CF1,
			);
			isa = PBXHeadersBuildPhase;
			runOnlyForDeploymentPostprocessing = 0;
		};
		D2AAC0610554660B00DB518D = {
			buildActionMask = 2147483647;
			files = (
				9B946AAD05E6D28200CD7CF1,
				9B946AAF05E6D28200CD7CF1,
				9B946AB105E6D28200CD7CF1,
				9B946AB305E6D28200CD7CF1,
				9B946AB505E6D28200CD7CF1,
				9B946AB805E6D28200CD7CF1,
				9B946ABE05E6D2EA00CD7CF1,
				9B946AC005E6D2EA00CD7CF1,
				9B946AC405E6D31C00CD7CF1,
				9B946ACA05E6D34200CD7CF1,
				9B946ACC05E6D34200CD7CF1,
				9B946AD005E6D36800CD7CF1,
				9B946AD405E6D38900CD7CF1,
				9B946AD805E6D3A300CD7CF1,
			);
			isa = PBXSourcesBuildPhase;
			runOnlyForDeploymentPostprocessing = 0;
		};
		D2AAC0620554660B00DB518D = {
			buildPhases = (
				D2AAC0600554660B00DB518D,
				D2AAC0610554660B00DB518D,
				9B946ADB05E6D45400CD7CF1,
			);
			buildRules = (
			);
			buildSettings = {
				DYLIB_COMPATIBILITY_VERSION = 1;
				DYLIB_CURRENT_VERSION = 1;
				GCC_WARN_FOUR_CHARACTER_CONSTANTS = NO;
				GCC_WARN_UNKNOWN_PRAGMAS = NO;
				INSTALL_PATH = /usr/local/lib;
				LIBRARY_STYLE = DYNAMIC;
				OTHER_CFLAGS = "";
				OTHER_LDFLAGS = "";
				OTHER_REZFLAGS = "";
				PRODUCT_NAME = libuclrtp;
				SECTORDER_FLAGS = "";
				WARNING_CFLAGS = "-Wmost";
			};
			dependencies = (
			);
			isa = PBXNativeTarget;
			name = libuclrtp;
			productName = libuclrtp;
			productReference = D2AAC0630554660B00DB518D;
			productType = "com.apple.product-type.library.dynamic";
		};
		D2AAC0630554660B00DB518D = {
			explicitFileType = "compiled.mach-o.dylib";
			includeInIndex = 0;
			isa = PBXFileReference;
			path = libuclrtp.dylib;
			refType = 3;
			sourceTree = BUILT_PRODUCTS_DIR;
		};
	};
	rootObject = 08FB7793FE84155DC02AAC07;
}
